// !$*UTF8*$!
{
	archiveVersion = 1;
	classes = {
	};
	objectVersion = 46;
	objects = {

/* Begin PBXBuildFile section */
		AEB84334D2000FE99CC050C6 /* libPods.a in Frameworks */ = {isa = PBXBuildFile; fileRef = ECC9ACFB01249F8227AB52D9 /* libPods.a */; };
		F83085271B1833DF00C63030 /* FFDeviceInfo.m in Sources */ = {isa = PBXBuildFile; fileRef = F83084F21B1833DF00C63030 /* FFDeviceInfo.m */; };
		F83085281B1833DF00C63030 /* FFKeychain.m in Sources */ = {isa = PBXBuildFile; fileRef = F83084F41B1833DF00C63030 /* FFKeychain.m */; };
		F83085291B1833DF00C63030 /* FFNetCommonParamsGenerator.m in Sources */ = {isa = PBXBuildFile; fileRef = F83084F61B1833DF00C63030 /* FFNetCommonParamsGenerator.m */; };
		F830852A1B1833DF00C63030 /* FFUDIDGenerator.m in Sources */ = {isa = PBXBuildFile; fileRef = F83084F81B1833DF00C63030 /* FFUDIDGenerator.m */; };
		F830852B1B1833DF00C63030 /* FFRequestResponse+FFNetMethod.m in Sources */ = {isa = PBXBuildFile; fileRef = F83084FB1B1833DF00C63030 /* FFRequestResponse+FFNetMethod.m */; };
		F830852C1B1833DF00C63030 /* NSArray+FFNetMethod.m in Sources */ = {isa = PBXBuildFile; fileRef = F83084FD1B1833DF00C63030 /* NSArray+FFNetMethod.m */; };
		F830852D1B1833DF00C63030 /* NSDictionary+FFNetMethod.m in Sources */ = {isa = PBXBuildFile; fileRef = F83084FF1B1833DF00C63030 /* NSDictionary+FFNetMethod.m */; };
		F830852E1B1833DF00C63030 /* NSMutableString+FFNetMethod.m in Sources */ = {isa = PBXBuildFile; fileRef = F83085011B1833DF00C63030 /* NSMutableString+FFNetMethod.m */; };
		F830852F1B1833DF00C63030 /* NSObject+FFNetMethod.m in Sources */ = {isa = PBXBuildFile; fileRef = F83085031B1833DF00C63030 /* NSObject+FFNetMethod.m */; };
		F83085301B1833DF00C63030 /* NSString+FFNetMethod.m in Sources */ = {isa = PBXBuildFile; fileRef = F83085051B1833DF00C63030 /* NSString+FFNetMethod.m */; };
		F83085311B1833DF00C63030 /* NSString+MD5Addition.m in Sources */ = {isa = PBXBuildFile; fileRef = F83085071B1833DF00C63030 /* NSString+MD5Addition.m */; };
		F83085321B1833DF00C63030 /* NSURLRequest+FFNetMethod.m in Sources */ = {isa = PBXBuildFile; fileRef = F83085091B1833DF00C63030 /* NSURLRequest+FFNetMethod.m */; };
		F83085331B1833DF00C63030 /* UIDevice+FFIdentifierAddition.m in Sources */ = {isa = PBXBuildFile; fileRef = F830850B1B1833DF00C63030 /* UIDevice+FFIdentifierAddition.m */; };
		F83085341B1833DF00C63030 /* FFAppContext.m in Sources */ = {isa = PBXBuildFile; fileRef = F830850E1B1833DF00C63030 /* FFAppContext.m */; };
		F83085351B1833DF00C63030 /* FFNetDebug.m in Sources */ = {isa = PBXBuildFile; fileRef = F83085111B1833DF00C63030 /* FFNetDebug.m */; };
		F83085361B1833DF00C63030 /* FFApiManager.m in Sources */ = {isa = PBXBuildFile; fileRef = F83085131B1833DF00C63030 /* FFApiManager.m */; };
		F83085371B1833DF00C63030 /* FFNetService.m in Sources */ = {isa = PBXBuildFile; fileRef = F83085161B1833DF00C63030 /* FFNetService.m */; };
		F83085381B1833DF00C63030 /* FFNetServiceFactory.m in Sources */ = {isa = PBXBuildFile; fileRef = F83085181B1833DF00C63030 /* FFNetServiceFactory.m */; };
		F83085391B1833DF00C63030 /* FFHomeFreshFresh.m in Sources */ = {isa = PBXBuildFile; fileRef = F830851B1B1833DF00C63030 /* FFHomeFreshFresh.m */; };
		F830853A1B1833DF00C63030 /* FFRequestGenerator.m in Sources */ = {isa = PBXBuildFile; fileRef = F830851E1B1833DF00C63030 /* FFRequestGenerator.m */; };
		F830853B1B1833DF00C63030 /* FFRequestManager.m in Sources */ = {isa = PBXBuildFile; fileRef = F83085201B1833DF00C63030 /* FFRequestManager.m */; };
		F830853C1B1833DF00C63030 /* FFRequestResponse.m in Sources */ = {isa = PBXBuildFile; fileRef = F83085231B1833DF00C63030 /* FFRequestResponse.m */; };
		F830853D1B1833DF00C63030 /* FFSignatureGenerator.m in Sources */ = {isa = PBXBuildFile; fileRef = F83085261B1833DF00C63030 /* FFSignatureGenerator.m */; };
		F89940641B0DE015005C2765 /* Main.storyboard in Resources */ = {isa = PBXBuildFile; fileRef = F89940621B0DE015005C2765 /* Main.storyboard */; };
		F89940661B0DE015005C2765 /* Images.xcassets in Resources */ = {isa = PBXBuildFile; fileRef = F89940651B0DE015005C2765 /* Images.xcassets */; };
		F89940691B0DE015005C2765 /* LaunchScreen.xib in Resources */ = {isa = PBXBuildFile; fileRef = F89940671B0DE015005C2765 /* LaunchScreen.xib */; };
		F89940751B0DE015005C2765 /* FFNetworkingTests.m in Sources */ = {isa = PBXBuildFile; fileRef = F89940741B0DE015005C2765 /* FFNetworkingTests.m */; };
		F8CC373C1B0F3D07009DA9EE /* Info.plist in Resources */ = {isa = PBXBuildFile; fileRef = F8CC373A1B0F3D07009DA9EE /* Info.plist */; };
		F8CC373D1B0F3D07009DA9EE /* main.m in Sources */ = {isa = PBXBuildFile; fileRef = F8CC373B1B0F3D07009DA9EE /* main.m */; };
		F8CC37421B0F3D1A009DA9EE /* AppDelegate.m in Sources */ = {isa = PBXBuildFile; fileRef = F8CC373F1B0F3D1A009DA9EE /* AppDelegate.m */; };
		F8CC37431B0F3D1A009DA9EE /* ViewController.m in Sources */ = {isa = PBXBuildFile; fileRef = F8CC37411B0F3D1A009DA9EE /* ViewController.m */; };
/* End PBXBuildFile section */

/* Begin PBXContainerItemProxy section */
		F899406F1B0DE015005C2765 /* PBXContainerItemProxy */ = {
			isa = PBXContainerItemProxy;
			containerPortal = F899404D1B0DE015005C2765 /* Project object */;
			proxyType = 1;
			remoteGlobalIDString = F89940541B0DE015005C2765;
			remoteInfo = FFNetworking;
		};
/* End PBXContainerItemProxy section */

/* Begin PBXFileReference section */
		D7B7A3324AB4AF4B638EAD80 /* Pods.release.xcconfig */ = {isa = PBXFileReference; includeInIndex = 1; lastKnownFileType = text.xcconfig; name = Pods.release.xcconfig; path = "Pods/Target Support Files/Pods/Pods.release.xcconfig"; sourceTree = "<group>"; };
		ECC9ACFB01249F8227AB52D9 /* libPods.a */ = {isa = PBXFileReference; explicitFileType = archive.ar; includeInIndex = 0; path = libPods.a; sourceTree = BUILT_PRODUCTS_DIR; };
		F34A822CEFD5087F203C0DFB /* Pods.debug.xcconfig */ = {isa = PBXFileReference; includeInIndex = 1; lastKnownFileType = text.xcconfig; name = Pods.debug.xcconfig; path = "Pods/Target Support Files/Pods/Pods.debug.xcconfig"; sourceTree = "<group>"; };
		F83084F11B1833DF00C63030 /* FFDeviceInfo.h */ = {isa = PBXFileReference; fileEncoding = 4; lastKnownFileType = sourcecode.c.h; path = FFDeviceInfo.h; sourceTree = "<group>"; };
		F83084F21B1833DF00C63030 /* FFDeviceInfo.m */ = {isa = PBXFileReference; fileEncoding = 4; lastKnownFileType = sourcecode.c.objc; path = FFDeviceInfo.m; sourceTree = "<group>"; };
		F83084F31B1833DF00C63030 /* FFKeychain.h */ = {isa = PBXFileReference; fileEncoding = 4; lastKnownFileType = sourcecode.c.h; path = FFKeychain.h; sourceTree = "<group>"; };
		F83084F41B1833DF00C63030 /* FFKeychain.m */ = {isa = PBXFileReference; fileEncoding = 4; lastKnownFileType = sourcecode.c.objc; path = FFKeychain.m; sourceTree = "<group>"; };
		F83084F51B1833DF00C63030 /* FFNetCommonParamsGenerator.h */ = {isa = PBXFileReference; fileEncoding = 4; lastKnownFileType = sourcecode.c.h; path = FFNetCommonParamsGenerator.h; sourceTree = "<group>"; };
		F83084F61B1833DF00C63030 /* FFNetCommonParamsGenerator.m */ = {isa = PBXFileReference; fileEncoding = 4; lastKnownFileType = sourcecode.c.objc; path = FFNetCommonParamsGenerator.m; sourceTree = "<group>"; };
		F83084F71B1833DF00C63030 /* FFUDIDGenerator.h */ = {isa = PBXFileReference; fileEncoding = 4; lastKnownFileType = sourcecode.c.h; path = FFUDIDGenerator.h; sourceTree = "<group>"; };
		F83084F81B1833DF00C63030 /* FFUDIDGenerator.m */ = {isa = PBXFileReference; fileEncoding = 4; lastKnownFileType = sourcecode.c.objc; path = FFUDIDGenerator.m; sourceTree = "<group>"; };
		F83084FA1B1833DF00C63030 /* FFRequestResponse+FFNetMethod.h */ = {isa = PBXFileReference; fileEncoding = 4; lastKnownFileType = sourcecode.c.h; path = "FFRequestResponse+FFNetMethod.h"; sourceTree = "<group>"; };
		F83084FB1B1833DF00C63030 /* FFRequestResponse+FFNetMethod.m */ = {isa = PBXFileReference; fileEncoding = 4; lastKnownFileType = sourcecode.c.objc; path = "FFRequestResponse+FFNetMethod.m"; sourceTree = "<group>"; };
		F83084FC1B1833DF00C63030 /* NSArray+FFNetMethod.h */ = {isa = PBXFileReference; fileEncoding = 4; lastKnownFileType = sourcecode.c.h; path = "NSArray+FFNetMethod.h"; sourceTree = "<group>"; };
		F83084FD1B1833DF00C63030 /* NSArray+FFNetMethod.m */ = {isa = PBXFileReference; fileEncoding = 4; lastKnownFileType = sourcecode.c.objc; path = "NSArray+FFNetMethod.m"; sourceTree = "<group>"; };
		F83084FE1B1833DF00C63030 /* NSDictionary+FFNetMethod.h */ = {isa = PBXFileReference; fileEncoding = 4; lastKnownFileType = sourcecode.c.h; path = "NSDictionary+FFNetMethod.h"; sourceTree = "<group>"; };
		F83084FF1B1833DF00C63030 /* NSDictionary+FFNetMethod.m */ = {isa = PBXFileReference; fileEncoding = 4; lastKnownFileType = sourcecode.c.objc; path = "NSDictionary+FFNetMethod.m"; sourceTree = "<group>"; };
		F83085001B1833DF00C63030 /* NSMutableString+FFNetMethod.h */ = {isa = PBXFileReference; fileEncoding = 4; lastKnownFileType = sourcecode.c.h; path = "NSMutableString+FFNetMethod.h"; sourceTree = "<group>"; };
		F83085011B1833DF00C63030 /* NSMutableString+FFNetMethod.m */ = {isa = PBXFileReference; fileEncoding = 4; lastKnownFileType = sourcecode.c.objc; path = "NSMutableString+FFNetMethod.m"; sourceTree = "<group>"; };
		F83085021B1833DF00C63030 /* NSObject+FFNetMethod.h */ = {isa = PBXFileReference; fileEncoding = 4; lastKnownFileType = sourcecode.c.h; path = "NSObject+FFNetMethod.h"; sourceTree = "<group>"; };
		F83085031B1833DF00C63030 /* NSObject+FFNetMethod.m */ = {isa = PBXFileReference; fileEncoding = 4; lastKnownFileType = sourcecode.c.objc; path = "NSObject+FFNetMethod.m"; sourceTree = "<group>"; };
		F83085041B1833DF00C63030 /* NSString+FFNetMethod.h */ = {isa = PBXFileReference; fileEncoding = 4; lastKnownFileType = sourcecode.c.h; path = "NSString+FFNetMethod.h"; sourceTree = "<group>"; };
		F83085051B1833DF00C63030 /* NSString+FFNetMethod.m */ = {isa = PBXFileReference; fileEncoding = 4; lastKnownFileType = sourcecode.c.objc; path = "NSString+FFNetMethod.m"; sourceTree = "<group>"; };
		F83085061B1833DF00C63030 /* NSString+MD5Addition.h */ = {isa = PBXFileReference; fileEncoding = 4; lastKnownFileType = sourcecode.c.h; path = "NSString+MD5Addition.h"; sourceTree = "<group>"; };
		F83085071B1833DF00C63030 /* NSString+MD5Addition.m */ = {isa = PBXFileReference; fileEncoding = 4; lastKnownFileType = sourcecode.c.objc; path = "NSString+MD5Addition.m"; sourceTree = "<group>"; };
		F83085081B1833DF00C63030 /* NSURLRequest+FFNetMethod.h */ = {isa = PBXFileReference; fileEncoding = 4; lastKnownFileType = sourcecode.c.h; path = "NSURLRequest+FFNetMethod.h"; sourceTree = "<group>"; };
		F83085091B1833DF00C63030 /* NSURLRequest+FFNetMethod.m */ = {isa = PBXFileReference; fileEncoding = 4; lastKnownFileType = sourcecode.c.objc; path = "NSURLRequest+FFNetMethod.m"; sourceTree = "<group>"; };
		F830850A1B1833DF00C63030 /* UIDevice+FFIdentifierAddition.h */ = {isa = PBXFileReference; fileEncoding = 4; lastKnownFileType = sourcecode.c.h; path = "UIDevice+FFIdentifierAddition.h"; sourceTree = "<group>"; };
		F830850B1B1833DF00C63030 /* UIDevice+FFIdentifierAddition.m */ = {isa = PBXFileReference; fileEncoding = 4; lastKnownFileType = sourcecode.c.objc; path = "UIDevice+FFIdentifierAddition.m"; sourceTree = "<group>"; };
		F830850D1B1833DF00C63030 /* FFAppContext.h */ = {isa = PBXFileReference; fileEncoding = 4; lastKnownFileType = sourcecode.c.h; path = FFAppContext.h; sourceTree = "<group>"; };
		F830850E1B1833DF00C63030 /* FFAppContext.m */ = {isa = PBXFileReference; fileEncoding = 4; lastKnownFileType = sourcecode.c.objc; path = FFAppContext.m; sourceTree = "<group>"; };
		F83085101B1833DF00C63030 /* FFNetDebug.h */ = {isa = PBXFileReference; fileEncoding = 4; lastKnownFileType = sourcecode.c.h; path = FFNetDebug.h; sourceTree = "<group>"; };
		F83085111B1833DF00C63030 /* FFNetDebug.m */ = {isa = PBXFileReference; fileEncoding = 4; lastKnownFileType = sourcecode.c.objc; path = FFNetDebug.m; sourceTree = "<group>"; };
		F83085121B1833DF00C63030 /* FFApiManager.h */ = {isa = PBXFileReference; fileEncoding = 4; lastKnownFileType = sourcecode.c.h; path = FFApiManager.h; sourceTree = "<group>"; };
		F83085131B1833DF00C63030 /* FFApiManager.m */ = {isa = PBXFileReference; fileEncoding = 4; lastKnownFileType = sourcecode.c.objc; path = FFApiManager.m; sourceTree = "<group>"; };
		F83085151B1833DF00C63030 /* FFNetService.h */ = {isa = PBXFileReference; fileEncoding = 4; lastKnownFileType = sourcecode.c.h; path = FFNetService.h; sourceTree = "<group>"; };
		F83085161B1833DF00C63030 /* FFNetService.m */ = {isa = PBXFileReference; fileEncoding = 4; lastKnownFileType = sourcecode.c.objc; path = FFNetService.m; sourceTree = "<group>"; };
		F83085171B1833DF00C63030 /* FFNetServiceFactory.h */ = {isa = PBXFileReference; fileEncoding = 4; lastKnownFileType = sourcecode.c.h; path = FFNetServiceFactory.h; sourceTree = "<group>"; };
		F83085181B1833DF00C63030 /* FFNetServiceFactory.m */ = {isa = PBXFileReference; fileEncoding = 4; lastKnownFileType = sourcecode.c.objc; path = FFNetServiceFactory.m; sourceTree = "<group>"; };
		F830851A1B1833DF00C63030 /* FFHomeFreshFresh.h */ = {isa = PBXFileReference; fileEncoding = 4; lastKnownFileType = sourcecode.c.h; path = FFHomeFreshFresh.h; sourceTree = "<group>"; };
		F830851B1B1833DF00C63030 /* FFHomeFreshFresh.m */ = {isa = PBXFileReference; fileEncoding = 4; lastKnownFileType = sourcecode.c.objc; path = FFHomeFreshFresh.m; sourceTree = "<group>"; };
		F830851C1B1833DF00C63030 /* FFNetWorkingHeader.h */ = {isa = PBXFileReference; fileEncoding = 4; lastKnownFileType = sourcecode.c.h; path = FFNetWorkingHeader.h; sourceTree = "<group>"; };
		F830851D1B1833DF00C63030 /* FFRequestGenerator.h */ = {isa = PBXFileReference; fileEncoding = 4; lastKnownFileType = sourcecode.c.h; path = FFRequestGenerator.h; sourceTree = "<group>"; };
		F830851E1B1833DF00C63030 /* FFRequestGenerator.m */ = {isa = PBXFileReference; fileEncoding = 4; lastKnownFileType = sourcecode.c.objc; path = FFRequestGenerator.m; sourceTree = "<group>"; };
		F830851F1B1833DF00C63030 /* FFRequestManager.h */ = {isa = PBXFileReference; fileEncoding = 4; lastKnownFileType = sourcecode.c.h; path = FFRequestManager.h; sourceTree = "<group>"; };
		F83085201B1833DF00C63030 /* FFRequestManager.m */ = {isa = PBXFileReference; fileEncoding = 4; lastKnownFileType = sourcecode.c.objc; path = FFRequestManager.m; sourceTree = "<group>"; };
		F83085221B1833DF00C63030 /* FFRequestResponse.h */ = {isa = PBXFileReference; fileEncoding = 4; lastKnownFileType = sourcecode.c.h; path = FFRequestResponse.h; sourceTree = "<group>"; };
		F83085231B1833DF00C63030 /* FFRequestResponse.m */ = {isa = PBXFileReference; fileEncoding = 4; lastKnownFileType = sourcecode.c.objc; path = FFRequestResponse.m; sourceTree = "<group>"; };
		F83085251B1833DF00C63030 /* FFSignatureGenerator.h */ = {isa = PBXFileReference; fileEncoding = 4; lastKnownFileType = sourcecode.c.h; path = FFSignatureGenerator.h; sourceTree = "<group>"; };
		F83085261B1833DF00C63030 /* FFSignatureGenerator.m */ = {isa = PBXFileReference; fileEncoding = 4; lastKnownFileType = sourcecode.c.objc; path = FFSignatureGenerator.m; sourceTree = "<group>"; };
		F89940551B0DE015005C2765 /* FFNetworking.app */ = {isa = PBXFileReference; explicitFileType = wrapper.application; includeInIndex = 0; path = FFNetworking.app; sourceTree = BUILT_PRODUCTS_DIR; };
		F89940631B0DE015005C2765 /* Base */ = {isa = PBXFileReference; lastKnownFileType = file.storyboard; name = Base; path = Base.lproj/Main.storyboard; sourceTree = "<group>"; };
		F89940651B0DE015005C2765 /* Images.xcassets */ = {isa = PBXFileReference; lastKnownFileType = folder.assetcatalog; path = Images.xcassets; sourceTree = "<group>"; };
		F89940681B0DE015005C2765 /* Base */ = {isa = PBXFileReference; lastKnownFileType = file.xib; name = Base; path = Base.lproj/LaunchScreen.xib; sourceTree = "<group>"; };
		F899406E1B0DE015005C2765 /* FFNetworkingTests.xctest */ = {isa = PBXFileReference; explicitFileType = wrapper.cfbundle; includeInIndex = 0; path = FFNetworkingTests.xctest; sourceTree = BUILT_PRODUCTS_DIR; };
		F89940731B0DE015005C2765 /* Info.plist */ = {isa = PBXFileReference; lastKnownFileType = text.plist.xml; path = Info.plist; sourceTree = "<group>"; };
		F89940741B0DE015005C2765 /* FFNetworkingTests.m */ = {isa = PBXFileReference; lastKnownFileType = sourcecode.c.objc; path = FFNetworkingTests.m; sourceTree = "<group>"; };
		F8CC373A1B0F3D07009DA9EE /* Info.plist */ = {isa = PBXFileReference; fileEncoding = 4; lastKnownFileType = text.plist.xml; name = Info.plist; path = view/Info.plist; sourceTree = "<group>"; };
		F8CC373B1B0F3D07009DA9EE /* main.m */ = {isa = PBXFileReference; fileEncoding = 4; lastKnownFileType = sourcecode.c.objc; name = main.m; path = view/main.m; sourceTree = "<group>"; };
		F8CC373E1B0F3D1A009DA9EE /* AppDelegate.h */ = {isa = PBXFileReference; fileEncoding = 4; lastKnownFileType = sourcecode.c.h; name = AppDelegate.h; path = view/AppDelegate.h; sourceTree = "<group>"; };
		F8CC373F1B0F3D1A009DA9EE /* AppDelegate.m */ = {isa = PBXFileReference; fileEncoding = 4; lastKnownFileType = sourcecode.c.objc; name = AppDelegate.m; path = view/AppDelegate.m; sourceTree = "<group>"; };
		F8CC37401B0F3D1A009DA9EE /* ViewController.h */ = {isa = PBXFileReference; fileEncoding = 4; lastKnownFileType = sourcecode.c.h; name = ViewController.h; path = view/ViewController.h; sourceTree = "<group>"; };
		F8CC37411B0F3D1A009DA9EE /* ViewController.m */ = {isa = PBXFileReference; fileEncoding = 4; lastKnownFileType = sourcecode.c.objc; name = ViewController.m; path = view/ViewController.m; sourceTree = "<group>"; };
/* End PBXFileReference section */

/* Begin PBXFrameworksBuildPhase section */
		F89940521B0DE015005C2765 /* Frameworks */ = {
			isa = PBXFrameworksBuildPhase;
			buildActionMask = 2147483647;
			files = (
				AEB84334D2000FE99CC050C6 /* libPods.a in Frameworks */,
			);
			runOnlyForDeploymentPostprocessing = 0;
		};
		F899406B1B0DE015005C2765 /* Frameworks */ = {
			isa = PBXFrameworksBuildPhase;
			buildActionMask = 2147483647;
			files = (
			);
			runOnlyForDeploymentPostprocessing = 0;
		};
/* End PBXFrameworksBuildPhase section */

/* Begin PBXGroup section */
		7BB20864FB564DABA587BEF4 /* Pods */ = {
			isa = PBXGroup;
			children = (
				F34A822CEFD5087F203C0DFB /* Pods.debug.xcconfig */,
				D7B7A3324AB4AF4B638EAD80 /* Pods.release.xcconfig */,
			);
			name = Pods;
			sourceTree = "<group>";
		};
		7EAA004E3E40CE5410EFC3D1 /* Frameworks */ = {
			isa = PBXGroup;
			children = (
				ECC9ACFB01249F8227AB52D9 /* libPods.a */,
			);
			name = Frameworks;
			sourceTree = "<group>";
		};
		F83084EF1B1833DF00C63030 /* FFNetwork */ = {
			isa = PBXGroup;
			children = (
				F83084F01B1833DF00C63030 /* Assist */,
				F83084F91B1833DF00C63030 /* Category */,
				F830850C1B1833DF00C63030 /* Components */,
				F830850F1B1833DF00C63030 /* Debug */,
				F83085121B1833DF00C63030 /* FFApiManager.h */,
				F83085131B1833DF00C63030 /* FFApiManager.m */,
				F83085141B1833DF00C63030 /* FFNetService */,
				F830851C1B1833DF00C63030 /* FFNetWorkingHeader.h */,
				F830851D1B1833DF00C63030 /* FFRequestGenerator.h */,
				F830851E1B1833DF00C63030 /* FFRequestGenerator.m */,
				F830851F1B1833DF00C63030 /* FFRequestManager.h */,
				F83085201B1833DF00C63030 /* FFRequestManager.m */,
				F83085211B1833DF00C63030 /* FFResponse */,
				F83085241B1833DF00C63030 /* FFSignatureGenerator */,
			);
			path = FFNetwork;
			sourceTree = "<group>";
		};
		F83084F01B1833DF00C63030 /* Assist */ = {
			isa = PBXGroup;
			children = (
				F83084F11B1833DF00C63030 /* FFDeviceInfo.h */,
				F83084F21B1833DF00C63030 /* FFDeviceInfo.m */,
				F83084F31B1833DF00C63030 /* FFKeychain.h */,
				F83084F41B1833DF00C63030 /* FFKeychain.m */,
				F83084F51B1833DF00C63030 /* FFNetCommonParamsGenerator.h */,
				F83084F61B1833DF00C63030 /* FFNetCommonParamsGenerator.m */,
				F83084F71B1833DF00C63030 /* FFUDIDGenerator.h */,
				F83084F81B1833DF00C63030 /* FFUDIDGenerator.m */,
			);
			path = Assist;
			sourceTree = "<group>";
		};
		F83084F91B1833DF00C63030 /* Category */ = {
			isa = PBXGroup;
			children = (
				F83084FA1B1833DF00C63030 /* FFRequestResponse+FFNetMethod.h */,
				F83084FB1B1833DF00C63030 /* FFRequestResponse+FFNetMethod.m */,
				F83084FC1B1833DF00C63030 /* NSArray+FFNetMethod.h */,
				F83084FD1B1833DF00C63030 /* NSArray+FFNetMethod.m */,
				F83084FE1B1833DF00C63030 /* NSDictionary+FFNetMethod.h */,
				F83084FF1B1833DF00C63030 /* NSDictionary+FFNetMethod.m */,
				F83085001B1833DF00C63030 /* NSMutableString+FFNetMethod.h */,
				F83085011B1833DF00C63030 /* NSMutableString+FFNetMethod.m */,
				F83085021B1833DF00C63030 /* NSObject+FFNetMethod.h */,
				F83085031B1833DF00C63030 /* NSObject+FFNetMethod.m */,
				F83085041B1833DF00C63030 /* NSString+FFNetMethod.h */,
				F83085051B1833DF00C63030 /* NSString+FFNetMethod.m */,
				F83085061B1833DF00C63030 /* NSString+MD5Addition.h */,
				F83085071B1833DF00C63030 /* NSString+MD5Addition.m */,
				F83085081B1833DF00C63030 /* NSURLRequest+FFNetMethod.h */,
				F83085091B1833DF00C63030 /* NSURLRequest+FFNetMethod.m */,
				F830850A1B1833DF00C63030 /* UIDevice+FFIdentifierAddition.h */,
				F830850B1B1833DF00C63030 /* UIDevice+FFIdentifierAddition.m */,
			);
			path = Category;
			sourceTree = "<group>";
		};
		F830850C1B1833DF00C63030 /* Components */ = {
			isa = PBXGroup;
			children = (
				F830850D1B1833DF00C63030 /* FFAppContext.h */,
				F830850E1B1833DF00C63030 /* FFAppContext.m */,
			);
			path = Components;
			sourceTree = "<group>";
		};
		F830850F1B1833DF00C63030 /* Debug */ = {
			isa = PBXGroup;
			children = (
				F83085101B1833DF00C63030 /* FFNetDebug.h */,
				F83085111B1833DF00C63030 /* FFNetDebug.m */,
			);
			path = Debug;
			sourceTree = "<group>";
		};
		F83085141B1833DF00C63030 /* FFNetService */ = {
			isa = PBXGroup;
			children = (
				F83085151B1833DF00C63030 /* FFNetService.h */,
				F83085161B1833DF00C63030 /* FFNetService.m */,
				F83085171B1833DF00C63030 /* FFNetServiceFactory.h */,
				F83085181B1833DF00C63030 /* FFNetServiceFactory.m */,
				F83085191B1833DF00C63030 /* ServiceConfig */,
			);
			path = FFNetService;
			sourceTree = "<group>";
		};
		F83085191B1833DF00C63030 /* ServiceConfig */ = {
			isa = PBXGroup;
			children = (
				F830851A1B1833DF00C63030 /* FFHomeFreshFresh.h */,
				F830851B1B1833DF00C63030 /* FFHomeFreshFresh.m */,
			);
			path = ServiceConfig;
			sourceTree = "<group>";
		};
		F83085211B1833DF00C63030 /* FFResponse */ = {
			isa = PBXGroup;
			children = (
				F83085221B1833DF00C63030 /* FFRequestResponse.h */,
				F83085231B1833DF00C63030 /* FFRequestResponse.m */,
			);
			path = FFResponse;
			sourceTree = "<group>";
		};
		F83085241B1833DF00C63030 /* FFSignatureGenerator */ = {
			isa = PBXGroup;
			children = (
				F83085251B1833DF00C63030 /* FFSignatureGenerator.h */,
				F83085261B1833DF00C63030 /* FFSignatureGenerator.m */,
			);
			path = FFSignatureGenerator;
			sourceTree = "<group>";
		};
		F899404C1B0DE015005C2765 = {
			isa = PBXGroup;
			children = (
				F89940571B0DE015005C2765 /* FFNetworking */,
				F89940711B0DE015005C2765 /* FFNetworkingTests */,
				F89940561B0DE015005C2765 /* Products */,
				7BB20864FB564DABA587BEF4 /* Pods */,
				7EAA004E3E40CE5410EFC3D1 /* Frameworks */,
			);
			sourceTree = "<group>";
		};
		F89940561B0DE015005C2765 /* Products */ = {
			isa = PBXGroup;
			children = (
				F89940551B0DE015005C2765 /* FFNetworking.app */,
				F899406E1B0DE015005C2765 /* FFNetworkingTests.xctest */,
			);
			name = Products;
			sourceTree = "<group>";
		};
		F89940571B0DE015005C2765 /* FFNetworking */ = {
			isa = PBXGroup;
			children = (
				F83084EF1B1833DF00C63030 /* FFNetwork */,
				F8CC373E1B0F3D1A009DA9EE /* AppDelegate.h */,
				F8CC373F1B0F3D1A009DA9EE /* AppDelegate.m */,
				F8CC37401B0F3D1A009DA9EE /* ViewController.h */,
				F8CC37411B0F3D1A009DA9EE /* ViewController.m */,
				F89940621B0DE015005C2765 /* Main.storyboard */,
				F89940651B0DE015005C2765 /* Images.xcassets */,
				F89940671B0DE015005C2765 /* LaunchScreen.xib */,
				F89940581B0DE015005C2765 /* Supporting Files */,
			);
			path = FFNetworking;
			sourceTree = "<group>";
		};
		F89940581B0DE015005C2765 /* Supporting Files */ = {
			isa = PBXGroup;
			children = (
				F8CC373A1B0F3D07009DA9EE /* Info.plist */,
				F8CC373B1B0F3D07009DA9EE /* main.m */,
			);
			name = "Supporting Files";
			sourceTree = "<group>";
		};
		F89940711B0DE015005C2765 /* FFNetworkingTests */ = {
			isa = PBXGroup;
			children = (
				F89940741B0DE015005C2765 /* FFNetworkingTests.m */,
				F89940721B0DE015005C2765 /* Supporting Files */,
			);
			path = FFNetworkingTests;
			sourceTree = "<group>";
		};
		F89940721B0DE015005C2765 /* Supporting Files */ = {
			isa = PBXGroup;
			children = (
				F89940731B0DE015005C2765 /* Info.plist */,
			);
			name = "Supporting Files";
			sourceTree = "<group>";
		};
/* End PBXGroup section */

/* Begin PBXNativeTarget section */
		F89940541B0DE015005C2765 /* FFNetworking */ = {
			isa = PBXNativeTarget;
			buildConfigurationList = F89940781B0DE015005C2765 /* Build configuration list for PBXNativeTarget "FFNetworking" */;
			buildPhases = (
				C37CE01B21374DD1CA6E7B35 /* Check Pods Manifest.lock */,
				F89940511B0DE015005C2765 /* Sources */,
				F89940521B0DE015005C2765 /* Frameworks */,
				F89940531B0DE015005C2765 /* Resources */,
				E18D1EFDC5C20A867293C0AC /* Copy Pods Resources */,
			);
			buildRules = (
			);
			dependencies = (
			);
			name = FFNetworking;
			productName = FFNetworking;
			productReference = F89940551B0DE015005C2765 /* FFNetworking.app */;
			productType = "com.apple.product-type.application";
		};
		F899406D1B0DE015005C2765 /* FFNetworkingTests */ = {
			isa = PBXNativeTarget;
			buildConfigurationList = F899407B1B0DE015005C2765 /* Build configuration list for PBXNativeTarget "FFNetworkingTests" */;
			buildPhases = (
				F899406A1B0DE015005C2765 /* Sources */,
				F899406B1B0DE015005C2765 /* Frameworks */,
				F899406C1B0DE015005C2765 /* Resources */,
			);
			buildRules = (
			);
			dependencies = (
				F89940701B0DE015005C2765 /* PBXTargetDependency */,
			);
			name = FFNetworkingTests;
			productName = FFNetworkingTests;
			productReference = F899406E1B0DE015005C2765 /* FFNetworkingTests.xctest */;
			productType = "com.apple.product-type.bundle.unit-test";
		};
/* End PBXNativeTarget section */

/* Begin PBXProject section */
		F899404D1B0DE015005C2765 /* Project object */ = {
			isa = PBXProject;
			attributes = {
				LastUpgradeCheck = 0630;
				ORGANIZATIONNAME = freshfresh;
				TargetAttributes = {
					F89940541B0DE015005C2765 = {
						CreatedOnToolsVersion = 6.3.2;
					};
					F899406D1B0DE015005C2765 = {
						CreatedOnToolsVersion = 6.3.2;
						TestTargetID = F89940541B0DE015005C2765;
					};
				};
			};
			buildConfigurationList = F89940501B0DE015005C2765 /* Build configuration list for PBXProject "FFNetworking" */;
			compatibilityVersion = "Xcode 3.2";
			developmentRegion = English;
			hasScannedForEncodings = 0;
			knownRegions = (
				en,
				Base,
			);
			mainGroup = F899404C1B0DE015005C2765;
			productRefGroup = F89940561B0DE015005C2765 /* Products */;
			projectDirPath = "";
			projectRoot = "";
			targets = (
				F89940541B0DE015005C2765 /* FFNetworking */,
				F899406D1B0DE015005C2765 /* FFNetworkingTests */,
			);
		};
/* End PBXProject section */

/* Begin PBXResourcesBuildPhase section */
		F89940531B0DE015005C2765 /* Resources */ = {
			isa = PBXResourcesBuildPhase;
			buildActionMask = 2147483647;
			files = (
				F8CC373C1B0F3D07009DA9EE /* Info.plist in Resources */,
				F89940641B0DE015005C2765 /* Main.storyboard in Resources */,
				F89940691B0DE015005C2765 /* LaunchScreen.xib in Resources */,
				F89940661B0DE015005C2765 /* Images.xcassets in Resources */,
			);
			runOnlyForDeploymentPostprocessing = 0;
		};
		F899406C1B0DE015005C2765 /* Resources */ = {
			isa = PBXResourcesBuildPhase;
			buildActionMask = 2147483647;
			files = (
			);
			runOnlyForDeploymentPostprocessing = 0;
		};
/* End PBXResourcesBuildPhase section */

/* Begin PBXShellScriptBuildPhase section */
		C37CE01B21374DD1CA6E7B35 /* Check Pods Manifest.lock */ = {
			isa = PBXShellScriptBuildPhase;
			buildActionMask = 2147483647;
			files = (
			);
			inputPaths = (
			);
			name = "Check Pods Manifest.lock";
			outputPaths = (
			);
			runOnlyForDeploymentPostprocessing = 0;
			shellPath = /bin/sh;
			shellScript = "diff \"${PODS_ROOT}/../Podfile.lock\" \"${PODS_ROOT}/Manifest.lock\" > /dev/null\nif [[ $? != 0 ]] ; then\n    cat << EOM\nerror: The sandbox is not in sync with the Podfile.lock. Run 'pod install' or update your CocoaPods installation.\nEOM\n    exit 1\nfi\n";
			showEnvVarsInLog = 0;
		};
		E18D1EFDC5C20A867293C0AC /* Copy Pods Resources */ = {
			isa = PBXShellScriptBuildPhase;
			buildActionMask = 2147483647;
			files = (
			);
			inputPaths = (
			);
			name = "Copy Pods Resources";
			outputPaths = (
			);
			runOnlyForDeploymentPostprocessing = 0;
			shellPath = /bin/sh;
			shellScript = "\"${SRCROOT}/Pods/Target Support Files/Pods/Pods-resources.sh\"\n";
			showEnvVarsInLog = 0;
		};
/* End PBXShellScriptBuildPhase section */

/* Begin PBXSourcesBuildPhase section */
		F89940511B0DE015005C2765 /* Sources */ = {
			isa = PBXSourcesBuildPhase;
			buildActionMask = 2147483647;
			files = (
				F830852C1B1833DF00C63030 /* NSArray+FFNetMethod.m in Sources */,
				F83085341B1833DF00C63030 /* FFAppContext.m in Sources */,
				F830853D1B1833DF00C63030 /* FFSignatureGenerator.m in Sources */,
				F83085321B1833DF00C63030 /* NSURLRequest+FFNetMethod.m in Sources */,
				F83085301B1833DF00C63030 /* NSString+FFNetMethod.m in Sources */,
				F8CC37431B0F3D1A009DA9EE /* ViewController.m in Sources */,
				F830853B1B1833DF00C63030 /* FFRequestManager.m in Sources */,
				F83085361B1833DF00C63030 /* FFApiManager.m in Sources */,
				F83085271B1833DF00C63030 /* FFDeviceInfo.m in Sources */,
				F830852E1B1833DF00C63030 /* NSMutableString+FFNetMethod.m in Sources */,
				F830852D1B1833DF00C63030 /* NSDictionary+FFNetMethod.m in Sources */,
				F83085371B1833DF00C63030 /* FFNetService.m in Sources */,
				F83085391B1833DF00C63030 /* FFHomeFreshFresh.m in Sources */,
				F83085291B1833DF00C63030 /* FFNetCommonParamsGenerator.m in Sources */,
				F83085351B1833DF00C63030 /* FFNetDebug.m in Sources */,
				F83085381B1833DF00C63030 /* FFNetServiceFactory.m in Sources */,
				F8CC37421B0F3D1A009DA9EE /* AppDelegate.m in Sources */,
				F83085311B1833DF00C63030 /* NSString+MD5Addition.m in Sources */,
				F830852A1B1833DF00C63030 /* FFUDIDGenerator.m in Sources */,
				F830852F1B1833DF00C63030 /* NSObject+FFNetMethod.m in Sources */,
				F830852B1B1833DF00C63030 /* FFRequestResponse+FFNetMethod.m in Sources */,
				F830853A1B1833DF00C63030 /* FFRequestGenerator.m in Sources */,
				F8CC373D1B0F3D07009DA9EE /* main.m in Sources */,
				F83085331B1833DF00C63030 /* UIDevice+FFIdentifierAddition.m in Sources */,
				F830853C1B1833DF00C63030 /* FFRequestResponse.m in Sources */,
				F83085281B1833DF00C63030 /* FFKeychain.m in Sources */,
			);
			runOnlyForDeploymentPostprocessing = 0;
		};
		F899406A1B0DE015005C2765 /* Sources */ = {
			isa = PBXSourcesBuildPhase;
			buildActionMask = 2147483647;
			files = (
				F89940751B0DE015005C2765 /* FFNetworkingTests.m in Sources */,
			);
			runOnlyForDeploymentPostprocessing = 0;
		};
/* End PBXSourcesBuildPhase section */

/* Begin PBXTargetDependency section */
		F89940701B0DE015005C2765 /* PBXTargetDependency */ = {
			isa = PBXTargetDependency;
			target = F89940541B0DE015005C2765 /* FFNetworking */;
			targetProxy = F899406F1B0DE015005C2765 /* PBXContainerItemProxy */;
		};
/* End PBXTargetDependency section */

/* Begin PBXVariantGroup section */
		F89940621B0DE015005C2765 /* Main.storyboard */ = {
			isa = PBXVariantGroup;
			children = (
				F89940631B0DE015005C2765 /* Base */,
			);
			name = Main.storyboard;
			sourceTree = "<group>";
		};
		F89940671B0DE015005C2765 /* LaunchScreen.xib */ = {
			isa = PBXVariantGroup;
			children = (
				F89940681B0DE015005C2765 /* Base */,
			);
			name = LaunchScreen.xib;
			sourceTree = "<group>";
		};
/* End PBXVariantGroup section */

/* Begin XCBuildConfiguration section */
		F89940761B0DE015005C2765 /* Debug */ = {
			isa = XCBuildConfiguration;
			buildSettings = {
				ALWAYS_SEARCH_USER_PATHS = NO;
				CLANG_CXX_LANGUAGE_STANDARD = "gnu++0x";
				CLANG_CXX_LIBRARY = "libc++";
				CLANG_ENABLE_MODULES = YES;
				CLANG_ENABLE_OBJC_ARC = YES;
				CLANG_WARN_BOOL_CONVERSION = YES;
				CLANG_WARN_CONSTANT_CONVERSION = YES;
				CLANG_WARN_DIRECT_OBJC_ISA_USAGE = YES_ERROR;
				CLANG_WARN_EMPTY_BODY = YES;
				CLANG_WARN_ENUM_CONVERSION = YES;
				CLANG_WARN_INT_CONVERSION = YES;
				CLANG_WARN_OBJC_ROOT_CLASS = YES_ERROR;
				CLANG_WARN_UNREACHABLE_CODE = YES;
				CLANG_WARN__DUPLICATE_METHOD_MATCH = YES;
				"CODE_SIGN_IDENTITY[sdk=iphoneos*]" = "iPhone Developer";
				COPY_PHASE_STRIP = NO;
				DEBUG_INFORMATION_FORMAT = "dwarf-with-dsym";
				ENABLE_STRICT_OBJC_MSGSEND = YES;
				GCC_C_LANGUAGE_STANDARD = gnu99;
				GCC_DYNAMIC_NO_PIC = NO;
				GCC_NO_COMMON_BLOCKS = YES;
				GCC_OPTIMIZATION_LEVEL = 0;
				GCC_PREPROCESSOR_DEFINITIONS = (
					"DEBUG=1",
					"$(inherited)",
				);
				GCC_SYMBOLS_PRIVATE_EXTERN = NO;
				GCC_WARN_64_TO_32_BIT_CONVERSION = YES;
				GCC_WARN_ABOUT_RETURN_TYPE = YES_ERROR;
				GCC_WARN_UNDECLARED_SELECTOR = YES;
				GCC_WARN_UNINITIALIZED_AUTOS = YES_AGGRESSIVE;
				GCC_WARN_UNUSED_FUNCTION = YES;
				GCC_WARN_UNUSED_VARIABLE = YES;
				IPHONEOS_DEPLOYMENT_TARGET = 8.3;
				MTL_ENABLE_DEBUG_INFO = YES;
				ONLY_ACTIVE_ARCH = YES;
				SDKROOT = iphoneos;
				TARGETED_DEVICE_FAMILY = "1,2";
			};
			name = Debug;
		};
		F89940771B0DE015005C2765 /* Release */ = {
			isa = XCBuildConfiguration;
			buildSettings = {
				ALWAYS_SEARCH_USER_PATHS = NO;
				CLANG_CXX_LANGUAGE_STANDARD = "gnu++0x";
				CLANG_CXX_LIBRARY = "libc++";
				CLANG_ENABLE_MODULES = YES;
				CLANG_ENABLE_OBJC_ARC = YES;
				CLANG_WARN_BOOL_CONVERSION = YES;
				CLANG_WARN_CONSTANT_CONVERSION = YES;
				CLANG_WARN_DIRECT_OBJC_ISA_USAGE = YES_ERROR;
				CLANG_WARN_EMPTY_BODY = YES;
				CLANG_WARN_ENUM_CONVERSION = YES;
				CLANG_WARN_INT_CONVERSION = YES;
				CLANG_WARN_OBJC_ROOT_CLASS = YES_ERROR;
				CLANG_WARN_UNREACHABLE_CODE = YES;
				CLANG_WARN__DUPLICATE_METHOD_MATCH = YES;
				"CODE_SIGN_IDENTITY[sdk=iphoneos*]" = "iPhone Developer";
				COPY_PHASE_STRIP = NO;
				DEBUG_INFORMATION_FORMAT = "dwarf-with-dsym";
				ENABLE_NS_ASSERTIONS = NO;
				ENABLE_STRICT_OBJC_MSGSEND = YES;
				GCC_C_LANGUAGE_STANDARD = gnu99;
				GCC_NO_COMMON_BLOCKS = YES;
				GCC_WARN_64_TO_32_BIT_CONVERSION = YES;
				GCC_WARN_ABOUT_RETURN_TYPE = YES_ERROR;
				GCC_WARN_UNDECLARED_SELECTOR = YES;
				GCC_WARN_UNINITIALIZED_AUTOS = YES_AGGRESSIVE;
				GCC_WARN_UNUSED_FUNCTION = YES;
				GCC_WARN_UNUSED_VARIABLE = YES;
				IPHONEOS_DEPLOYMENT_TARGET = 8.3;
				MTL_ENABLE_DEBUG_INFO = NO;
				SDKROOT = iphoneos;
				TARGETED_DEVICE_FAMILY = "1,2";
				VALIDATE_PRODUCT = YES;
			};
			name = Release;
		};
		F89940791B0DE015005C2765 /* Debug */ = {
			isa = XCBuildConfiguration;
			baseConfigurationReference = F34A822CEFD5087F203C0DFB /* Pods.debug.xcconfig */;
			buildSettings = {
				ASSETCATALOG_COMPILER_APPICON_NAME = AppIcon;
				INFOPLIST_FILE = FFNetworking/Info.plist;
				LD_RUNPATH_SEARCH_PATHS = "$(inherited) @executable_path/Frameworks";
				PRODUCT_NAME = "$(TARGET_NAME)";
			};
			name = Debug;
		};
		F899407A1B0DE015005C2765 /* Release */ = {
			isa = XCBuildConfiguration;
			baseConfigurationReference = D7B7A3324AB4AF4B638EAD80 /* Pods.release.xcconfig */;
			buildSettings = {
				ASSETCATALOG_COMPILER_APPICON_NAME = AppIcon;
				INFOPLIST_FILE = FFNetworking/Info.plist;
				LD_RUNPATH_SEARCH_PATHS = "$(inherited) @executable_path/Frameworks";
				PRODUCT_NAME = "$(TARGET_NAME)";
			};
			name = Release;
		};
		F899407C1B0DE015005C2765 /* Debug */ = {
			isa = XCBuildConfiguration;
			buildSettings = {
				BUNDLE_LOADER = "$(TEST_HOST)";
				FRAMEWORK_SEARCH_PATHS = (
					"$(SDKROOT)/Developer/Library/Frameworks",
					"$(inherited)",
				);
				GCC_PREPROCESSOR_DEFINITIONS = (
					"DEBUG=1",
					"$(inherited)",
				);
				INFOPLIST_FILE = FFNetworkingTests/Info.plist;
				LD_RUNPATH_SEARCH_PATHS = "$(inherited) @executable_path/Frameworks @loader_path/Frameworks";
				PRODUCT_NAME = "$(TARGET_NAME)";
				TEST_HOST = "$(BUILT_PRODUCTS_DIR)/FFNetworking.app/FFNetworking";
			};
			name = Debug;
		};
		F899407D1B0DE015005C2765 /* Release */ = {
			isa = XCBuildConfiguration;
			buildSettings = {
				BUNDLE_LOADER = "$(TEST_HOST)";
				FRAMEWORK_SEARCH_PATHS = (
					"$(SDKROOT)/Developer/Library/Frameworks",
					"$(inherited)",
				);
				INFOPLIST_FILE = FFNetworkingTests/Info.plist;
				LD_RUNPATH_SEARCH_PATHS = "$(inherited) @executable_path/Frameworks @loader_path/Frameworks";
				PRODUCT_NAME = "$(TARGET_NAME)";
				TEST_HOST = "$(BUILT_PRODUCTS_DIR)/FFNetworking.app/FFNetworking";
			};
			name = Release;
		};
/* End XCBuildConfiguration section */

/* Begin XCConfigurationList section */
		F89940501B0DE015005C2765 /* Build configuration list for PBXProject "FFNetworking" */ = {
			isa = XCConfigurationList;
			buildConfigurations = (
				F89940761B0DE015005C2765 /* Debug */,
				F89940771B0DE015005C2765 /* Release */,
			);
			defaultConfigurationIsVisible = 0;
			defaultConfigurationName = Release;
		};
		F89940781B0DE015005C2765 /* Build configuration list for PBXNativeTarget "FFNetworking" */ = {
			isa = XCConfigurationList;
			buildConfigurations = (
				F89940791B0DE015005C2765 /* Debug */,
				F899407A1B0DE015005C2765 /* Release */,
			);
			defaultConfigurationIsVisible = 0;
			defaultConfigurationName = Release;
		};
		F899407B1B0DE015005C2765 /* Build configuration list for PBXNativeTarget "FFNetworkingTests" */ = {
			isa = XCConfigurationList;
			buildConfigurations = (
				F899407C1B0DE015005C2765 /* Debug */,
				F899407D1B0DE015005C2765 /* Release */,
			);
			defaultConfigurationIsVisible = 0;
			defaultConfigurationName = Release;
		};
/* End XCConfigurationList section */
	};
	rootObject = F899404D1B0DE015005C2765 /* Project object */;
}
