// !$*UTF8*$!
{
	archiveVersion = 1;
	classes = {
	};
	objectVersion = 46;
	objects = {

/* Begin PBXBuildFile section */
		AEB84334D2000FE99CC050C6 /* libPods.a in Frameworks */ = {isa = PBXBuildFile; fileRef = ECC9ACFB01249F8227AB52D9 /* libPods.a */; };
		F89940641B0DE015005C2765 /* Main.storyboard in Resources */ = {isa = PBXBuildFile; fileRef = F89940621B0DE015005C2765 /* Main.storyboard */; };
		F89940661B0DE015005C2765 /* Images.xcassets in Resources */ = {isa = PBXBuildFile; fileRef = F89940651B0DE015005C2765 /* Images.xcassets */; };
		F89940691B0DE015005C2765 /* LaunchScreen.xib in Resources */ = {isa = PBXBuildFile; fileRef = F89940671B0DE015005C2765 /* LaunchScreen.xib */; };
		F89940751B0DE015005C2765 /* FFNetworkingTests.m in Sources */ = {isa = PBXBuildFile; fileRef = F89940741B0DE015005C2765 /* FFNetworkingTests.m */; };
		F89940C51B0DE21A005C2765 /* FFDeviceInfo.m in Sources */ = {isa = PBXBuildFile; fileRef = F89940831B0DE21A005C2765 /* FFDeviceInfo.m */; };
		F89940C61B0DE21A005C2765 /* FFKeychain.m in Sources */ = {isa = PBXBuildFile; fileRef = F89940851B0DE21A005C2765 /* FFKeychain.m */; };
		F89940C71B0DE21A005C2765 /* FFNetCommonParamsGenerator.m in Sources */ = {isa = PBXBuildFile; fileRef = F89940871B0DE21A005C2765 /* FFNetCommonParamsGenerator.m */; };
		F89940C81B0DE21A005C2765 /* FFUDIDGenerator.m in Sources */ = {isa = PBXBuildFile; fileRef = F89940891B0DE21A005C2765 /* FFUDIDGenerator.m */; };
		F89940C91B0DE21A005C2765 /* NSArray+FFNetMethod.m in Sources */ = {isa = PBXBuildFile; fileRef = F899408C1B0DE21A005C2765 /* NSArray+FFNetMethod.m */; };
		F89940CA1B0DE21A005C2765 /* NSDictionary+FFNetMethod.m in Sources */ = {isa = PBXBuildFile; fileRef = F899408E1B0DE21A005C2765 /* NSDictionary+FFNetMethod.m */; };
		F89940CB1B0DE21A005C2765 /* NSMutableString+FFNetMethod.m in Sources */ = {isa = PBXBuildFile; fileRef = F89940901B0DE21A005C2765 /* NSMutableString+FFNetMethod.m */; };
		F89940CC1B0DE21A005C2765 /* NSObject+FFNetMethod.m in Sources */ = {isa = PBXBuildFile; fileRef = F89940921B0DE21A005C2765 /* NSObject+FFNetMethod.m */; };
		F89940CD1B0DE21A005C2765 /* NSString+MD5Addition.m in Sources */ = {isa = PBXBuildFile; fileRef = F89940941B0DE21A005C2765 /* NSString+MD5Addition.m */; };
		F89940CE1B0DE21A005C2765 /* NSString+FFNetMethod.m in Sources */ = {isa = PBXBuildFile; fileRef = F89940961B0DE21A005C2765 /* NSString+FFNetMethod.m */; };
		F89940CF1B0DE21A005C2765 /* NSURLRequest+FFNetMethod.m in Sources */ = {isa = PBXBuildFile; fileRef = F89940981B0DE21A005C2765 /* NSURLRequest+FFNetMethod.m */; };
		F89940D01B0DE21A005C2765 /* UIDevice+FFIdentifierAddition.m in Sources */ = {isa = PBXBuildFile; fileRef = F899409A1B0DE21A005C2765 /* UIDevice+FFIdentifierAddition.m */; };
		F89940D11B0DE21A005C2765 /* FFRequestResponse+FFNetMethod.m in Sources */ = {isa = PBXBuildFile; fileRef = F899409C1B0DE21A005C2765 /* FFRequestResponse+FFNetMethod.m */; };
		F89940D21B0DE21A005C2765 /* FFAppContext.m in Sources */ = {isa = PBXBuildFile; fileRef = F899409F1B0DE21A005C2765 /* FFAppContext.m */; };
		F89940D31B0DE21A005C2765 /* FFNetDebug.m in Sources */ = {isa = PBXBuildFile; fileRef = F89940A21B0DE21A005C2765 /* FFNetDebug.m */; };
		F89940D41B0DE21A005C2765 /* FFRequestResponse.m in Sources */ = {isa = PBXBuildFile; fileRef = F89940A51B0DE21A005C2765 /* FFRequestResponse.m */; };
		F89940D51B0DE21A005C2765 /* FFSignatureGenerator.m in Sources */ = {isa = PBXBuildFile; fileRef = F89940A81B0DE21A005C2765 /* FFSignatureGenerator.m */; };
		F89940D91B0DE21A005C2765 /* FFApiManager.m in Sources */ = {isa = PBXBuildFile; fileRef = F89940B11B0DE21A005C2765 /* FFApiManager.m */; };
		F89940DE1B0DE21A005C2765 /* FFNetService.m in Sources */ = {isa = PBXBuildFile; fileRef = F89940BD1B0DE21A005C2765 /* FFNetService.m */; };
		F89940DF1B0DE21A005C2765 /* FFNetServiceFactory.m in Sources */ = {isa = PBXBuildFile; fileRef = F89940BF1B0DE21A005C2765 /* FFNetServiceFactory.m */; };
		F89940E01B0DE21A005C2765 /* FFRequestGenerator.m in Sources */ = {isa = PBXBuildFile; fileRef = F89940C21B0DE21A005C2765 /* FFRequestGenerator.m */; };
		F89940E11B0DE21A005C2765 /* FFRequestManager.m in Sources */ = {isa = PBXBuildFile; fileRef = F89940C41B0DE21A005C2765 /* FFRequestManager.m */; };
		F8CC37071B0F2ED6009DA9EE /* FFHomeFreshFresh.m in Sources */ = {isa = PBXBuildFile; fileRef = F8CC37061B0F2ED6009DA9EE /* FFHomeFreshFresh.m */; };
		F8CC373C1B0F3D07009DA9EE /* Info.plist in Resources */ = {isa = PBXBuildFile; fileRef = F8CC373A1B0F3D07009DA9EE /* Info.plist */; };
		F8CC373D1B0F3D07009DA9EE /* main.m in Sources */ = {isa = PBXBuildFile; fileRef = F8CC373B1B0F3D07009DA9EE /* main.m */; };
		F8CC37421B0F3D1A009DA9EE /* AppDelegate.m in Sources */ = {isa = PBXBuildFile; fileRef = F8CC373F1B0F3D1A009DA9EE /* AppDelegate.m */; };
		F8CC37431B0F3D1A009DA9EE /* ViewController.m in Sources */ = {isa = PBXBuildFile; fileRef = F8CC37411B0F3D1A009DA9EE /* ViewController.m */; };
/* End PBXBuildFile section */

/* Begin PBXContainerItemProxy section */
		F899406F1B0DE015005C2765 /* PBXContainerItemProxy */ = {
			isa = PBXContainerItemProxy;
			containerPortal = F899404D1B0DE015005C2765 /* Project object */;
			proxyType = 1;
			remoteGlobalIDString = F89940541B0DE015005C2765;
			remoteInfo = FFNetworking;
		};
/* End PBXContainerItemProxy section */

/* Begin PBXFileReference section */
		D7B7A3324AB4AF4B638EAD80 /* Pods.release.xcconfig */ = {isa = PBXFileReference; includeInIndex = 1; lastKnownFileType = text.xcconfig; name = Pods.release.xcconfig; path = "Pods/Target Support Files/Pods/Pods.release.xcconfig"; sourceTree = "<group>"; };
		ECC9ACFB01249F8227AB52D9 /* libPods.a */ = {isa = PBXFileReference; explicitFileType = archive.ar; includeInIndex = 0; path = libPods.a; sourceTree = BUILT_PRODUCTS_DIR; };
		F34A822CEFD5087F203C0DFB /* Pods.debug.xcconfig */ = {isa = PBXFileReference; includeInIndex = 1; lastKnownFileType = text.xcconfig; name = Pods.debug.xcconfig; path = "Pods/Target Support Files/Pods/Pods.debug.xcconfig"; sourceTree = "<group>"; };
		F89940551B0DE015005C2765 /* FFNetworking.app */ = {isa = PBXFileReference; explicitFileType = wrapper.application; includeInIndex = 0; path = FFNetworking.app; sourceTree = BUILT_PRODUCTS_DIR; };
		F89940631B0DE015005C2765 /* Base */ = {isa = PBXFileReference; lastKnownFileType = file.storyboard; name = Base; path = Base.lproj/Main.storyboard; sourceTree = "<group>"; };
		F89940651B0DE015005C2765 /* Images.xcassets */ = {isa = PBXFileReference; lastKnownFileType = folder.assetcatalog; path = Images.xcassets; sourceTree = "<group>"; };
		F89940681B0DE015005C2765 /* Base */ = {isa = PBXFileReference; lastKnownFileType = file.xib; name = Base; path = Base.lproj/LaunchScreen.xib; sourceTree = "<group>"; };
		F899406E1B0DE015005C2765 /* FFNetworkingTests.xctest */ = {isa = PBXFileReference; explicitFileType = wrapper.cfbundle; includeInIndex = 0; path = FFNetworkingTests.xctest; sourceTree = BUILT_PRODUCTS_DIR; };
		F89940731B0DE015005C2765 /* Info.plist */ = {isa = PBXFileReference; lastKnownFileType = text.plist.xml; path = Info.plist; sourceTree = "<group>"; };
		F89940741B0DE015005C2765 /* FFNetworkingTests.m */ = {isa = PBXFileReference; lastKnownFileType = sourcecode.c.objc; path = FFNetworkingTests.m; sourceTree = "<group>"; };
		F89940821B0DE21A005C2765 /* FFDeviceInfo.h */ = {isa = PBXFileReference; fileEncoding = 4; lastKnownFileType = sourcecode.c.h; path = FFDeviceInfo.h; sourceTree = "<group>"; };
		F89940831B0DE21A005C2765 /* FFDeviceInfo.m */ = {isa = PBXFileReference; fileEncoding = 4; lastKnownFileType = sourcecode.c.objc; path = FFDeviceInfo.m; sourceTree = "<group>"; };
		F89940841B0DE21A005C2765 /* FFKeychain.h */ = {isa = PBXFileReference; fileEncoding = 4; lastKnownFileType = sourcecode.c.h; path = FFKeychain.h; sourceTree = "<group>"; };
		F89940851B0DE21A005C2765 /* FFKeychain.m */ = {isa = PBXFileReference; fileEncoding = 4; lastKnownFileType = sourcecode.c.objc; path = FFKeychain.m; sourceTree = "<group>"; };
		F89940861B0DE21A005C2765 /* FFNetCommonParamsGenerator.h */ = {isa = PBXFileReference; fileEncoding = 4; lastKnownFileType = sourcecode.c.h; path = FFNetCommonParamsGenerator.h; sourceTree = "<group>"; };
		F89940871B0DE21A005C2765 /* FFNetCommonParamsGenerator.m */ = {isa = PBXFileReference; fileEncoding = 4; lastKnownFileType = sourcecode.c.objc; path = FFNetCommonParamsGenerator.m; sourceTree = "<group>"; };
		F89940881B0DE21A005C2765 /* FFUDIDGenerator.h */ = {isa = PBXFileReference; fileEncoding = 4; lastKnownFileType = sourcecode.c.h; path = FFUDIDGenerator.h; sourceTree = "<group>"; };
		F89940891B0DE21A005C2765 /* FFUDIDGenerator.m */ = {isa = PBXFileReference; fileEncoding = 4; lastKnownFileType = sourcecode.c.objc; path = FFUDIDGenerator.m; sourceTree = "<group>"; };
		F899408B1B0DE21A005C2765 /* NSArray+FFNetMethod.h */ = {isa = PBXFileReference; fileEncoding = 4; lastKnownFileType = sourcecode.c.h; path = "NSArray+FFNetMethod.h"; sourceTree = "<group>"; };
		F899408C1B0DE21A005C2765 /* NSArray+FFNetMethod.m */ = {isa = PBXFileReference; fileEncoding = 4; lastKnownFileType = sourcecode.c.objc; path = "NSArray+FFNetMethod.m"; sourceTree = "<group>"; };
		F899408D1B0DE21A005C2765 /* NSDictionary+FFNetMethod.h */ = {isa = PBXFileReference; fileEncoding = 4; lastKnownFileType = sourcecode.c.h; path = "NSDictionary+FFNetMethod.h"; sourceTree = "<group>"; };
		F899408E1B0DE21A005C2765 /* NSDictionary+FFNetMethod.m */ = {isa = PBXFileReference; fileEncoding = 4; lastKnownFileType = sourcecode.c.objc; path = "NSDictionary+FFNetMethod.m"; sourceTree = "<group>"; };
		F899408F1B0DE21A005C2765 /* NSMutableString+FFNetMethod.h */ = {isa = PBXFileReference; fileEncoding = 4; lastKnownFileType = sourcecode.c.h; path = "NSMutableString+FFNetMethod.h"; sourceTree = "<group>"; };
		F89940901B0DE21A005C2765 /* NSMutableString+FFNetMethod.m */ = {isa = PBXFileReference; fileEncoding = 4; lastKnownFileType = sourcecode.c.objc; path = "NSMutableString+FFNetMethod.m"; sourceTree = "<group>"; };
		F89940911B0DE21A005C2765 /* NSObject+FFNetMethod.h */ = {isa = PBXFileReference; fileEncoding = 4; lastKnownFileType = sourcecode.c.h; path = "NSObject+FFNetMethod.h"; sourceTree = "<group>"; };
		F89940921B0DE21A005C2765 /* NSObject+FFNetMethod.m */ = {isa = PBXFileReference; fileEncoding = 4; lastKnownFileType = sourcecode.c.objc; path = "NSObject+FFNetMethod.m"; sourceTree = "<group>"; };
		F89940931B0DE21A005C2765 /* NSString+MD5Addition.h */ = {isa = PBXFileReference; fileEncoding = 4; lastKnownFileType = sourcecode.c.h; path = "NSString+MD5Addition.h"; sourceTree = "<group>"; };
		F89940941B0DE21A005C2765 /* NSString+MD5Addition.m */ = {isa = PBXFileReference; fileEncoding = 4; lastKnownFileType = sourcecode.c.objc; path = "NSString+MD5Addition.m"; sourceTree = "<group>"; };
		F89940951B0DE21A005C2765 /* NSString+FFNetMethod.h */ = {isa = PBXFileReference; fileEncoding = 4; lastKnownFileType = sourcecode.c.h; path = "NSString+FFNetMethod.h"; sourceTree = "<group>"; };
		F89940961B0DE21A005C2765 /* NSString+FFNetMethod.m */ = {isa = PBXFileReference; fileEncoding = 4; lastKnownFileType = sourcecode.c.objc; path = "NSString+FFNetMethod.m"; sourceTree = "<group>"; };
		F89940971B0DE21A005C2765 /* NSURLRequest+FFNetMethod.h */ = {isa = PBXFileReference; fileEncoding = 4; lastKnownFileType = sourcecode.c.h; path = "NSURLRequest+FFNetMethod.h"; sourceTree = "<group>"; };
		F89940981B0DE21A005C2765 /* NSURLRequest+FFNetMethod.m */ = {isa = PBXFileReference; fileEncoding = 4; lastKnownFileType = sourcecode.c.objc; path = "NSURLRequest+FFNetMethod.m"; sourceTree = "<group>"; };
		F89940991B0DE21A005C2765 /* UIDevice+FFIdentifierAddition.h */ = {isa = PBXFileReference; fileEncoding = 4; lastKnownFileType = sourcecode.c.h; path = "UIDevice+FFIdentifierAddition.h"; sourceTree = "<group>"; };
		F899409A1B0DE21A005C2765 /* UIDevice+FFIdentifierAddition.m */ = {isa = PBXFileReference; fileEncoding = 4; lastKnownFileType = sourcecode.c.objc; path = "UIDevice+FFIdentifierAddition.m"; sourceTree = "<group>"; };
		F899409B1B0DE21A005C2765 /* FFRequestResponse+FFNetMethod.h */ = {isa = PBXFileReference; fileEncoding = 4; lastKnownFileType = sourcecode.c.h; path = "FFRequestResponse+FFNetMethod.h"; sourceTree = "<group>"; };
		F899409C1B0DE21A005C2765 /* FFRequestResponse+FFNetMethod.m */ = {isa = PBXFileReference; fileEncoding = 4; lastKnownFileType = sourcecode.c.objc; path = "FFRequestResponse+FFNetMethod.m"; sourceTree = "<group>"; };
		F899409E1B0DE21A005C2765 /* FFAppContext.h */ = {isa = PBXFileReference; fileEncoding = 4; lastKnownFileType = sourcecode.c.h; path = FFAppContext.h; sourceTree = "<group>"; };
		F899409F1B0DE21A005C2765 /* FFAppContext.m */ = {isa = PBXFileReference; fileEncoding = 4; lastKnownFileType = sourcecode.c.objc; path = FFAppContext.m; sourceTree = "<group>"; };
		F89940A11B0DE21A005C2765 /* FFNetDebug.h */ = {isa = PBXFileReference; fileEncoding = 4; lastKnownFileType = sourcecode.c.h; path = FFNetDebug.h; sourceTree = "<group>"; };
		F89940A21B0DE21A005C2765 /* FFNetDebug.m */ = {isa = PBXFileReference; fileEncoding = 4; lastKnownFileType = sourcecode.c.objc; path = FFNetDebug.m; sourceTree = "<group>"; };
		F89940A41B0DE21A005C2765 /* FFRequestResponse.h */ = {isa = PBXFileReference; fileEncoding = 4; lastKnownFileType = sourcecode.c.h; path = FFRequestResponse.h; sourceTree = "<group>"; };
		F89940A51B0DE21A005C2765 /* FFRequestResponse.m */ = {isa = PBXFileReference; fileEncoding = 4; lastKnownFileType = sourcecode.c.objc; path = FFRequestResponse.m; sourceTree = "<group>"; };
		F89940A71B0DE21A005C2765 /* FFSignatureGenerator.h */ = {isa = PBXFileReference; fileEncoding = 4; lastKnownFileType = sourcecode.c.h; path = FFSignatureGenerator.h; sourceTree = "<group>"; };
		F89940A81B0DE21A005C2765 /* FFSignatureGenerator.m */ = {isa = PBXFileReference; fileEncoding = 4; lastKnownFileType = sourcecode.c.objc; path = FFSignatureGenerator.m; sourceTree = "<group>"; };
		F89940B01B0DE21A005C2765 /* FFApiManager.h */ = {isa = PBXFileReference; fileEncoding = 4; lastKnownFileType = sourcecode.c.h; path = FFApiManager.h; sourceTree = "<group>"; };
		F89940B11B0DE21A005C2765 /* FFApiManager.m */ = {isa = PBXFileReference; fileEncoding = 4; lastKnownFileType = sourcecode.c.objc; path = FFApiManager.m; sourceTree = "<group>"; };
		F89940BC1B0DE21A005C2765 /* FFNetService.h */ = {isa = PBXFileReference; fileEncoding = 4; lastKnownFileType = sourcecode.c.h; path = FFNetService.h; sourceTree = "<group>"; };
		F89940BD1B0DE21A005C2765 /* FFNetService.m */ = {isa = PBXFileReference; fileEncoding = 4; lastKnownFileType = sourcecode.c.objc; path = FFNetService.m; sourceTree = "<group>"; };
		F89940BE1B0DE21A005C2765 /* FFNetServiceFactory.h */ = {isa = PBXFileReference; fileEncoding = 4; lastKnownFileType = sourcecode.c.h; path = FFNetServiceFactory.h; sourceTree = "<group>"; };
		F89940BF1B0DE21A005C2765 /* FFNetServiceFactory.m */ = {isa = PBXFileReference; fileEncoding = 4; lastKnownFileType = sourcecode.c.objc; path = FFNetServiceFactory.m; sourceTree = "<group>"; };
		F89940C01B0DE21A005C2765 /* FFNetWorkingHeader.h */ = {isa = PBXFileReference; fileEncoding = 4; lastKnownFileType = sourcecode.c.h; path = FFNetWorkingHeader.h; sourceTree = "<group>"; };
		F89940C11B0DE21A005C2765 /* FFRequestGenerator.h */ = {isa = PBXFileReference; fileEncoding = 4; lastKnownFileType = sourcecode.c.h; path = FFRequestGenerator.h; sourceTree = "<group>"; };
		F89940C21B0DE21A005C2765 /* FFRequestGenerator.m */ = {isa = PBXFileReference; fileEncoding = 4; lastKnownFileType = sourcecode.c.objc; path = FFRequestGenerator.m; sourceTree = "<group>"; };
		F89940C31B0DE21A005C2765 /* FFRequestManager.h */ = {isa = PBXFileReference; fileEncoding = 4; lastKnownFileType = sourcecode.c.h; path = FFRequestManager.h; sourceTree = "<group>"; };
		F89940C41B0DE21A005C2765 /* FFRequestManager.m */ = {isa = PBXFileReference; fileEncoding = 4; lastKnownFileType = sourcecode.c.objc; path = FFRequestManager.m; sourceTree = "<group>"; };
		F8CC37051B0F2ED6009DA9EE /* FFHomeFreshFresh.h */ = {isa = PBXFileReference; fileEncoding = 4; lastKnownFileType = sourcecode.c.h; path = FFHomeFreshFresh.h; sourceTree = "<group>"; };
		F8CC37061B0F2ED6009DA9EE /* FFHomeFreshFresh.m */ = {isa = PBXFileReference; fileEncoding = 4; lastKnownFileType = sourcecode.c.objc; path = FFHomeFreshFresh.m; sourceTree = "<group>"; };
		F8CC373A1B0F3D07009DA9EE /* Info.plist */ = {isa = PBXFileReference; fileEncoding = 4; lastKnownFileType = text.plist.xml; name = Info.plist; path = view/Info.plist; sourceTree = "<group>"; };
		F8CC373B1B0F3D07009DA9EE /* main.m */ = {isa = PBXFileReference; fileEncoding = 4; lastKnownFileType = sourcecode.c.objc; name = main.m; path = view/main.m; sourceTree = "<group>"; };
		F8CC373E1B0F3D1A009DA9EE /* AppDelegate.h */ = {isa = PBXFileReference; fileEncoding = 4; lastKnownFileType = sourcecode.c.h; name = AppDelegate.h; path = view/AppDelegate.h; sourceTree = "<group>"; };
		F8CC373F1B0F3D1A009DA9EE /* AppDelegate.m */ = {isa = PBXFileReference; fileEncoding = 4; lastKnownFileType = sourcecode.c.objc; name = AppDelegate.m; path = view/AppDelegate.m; sourceTree = "<group>"; };
		F8CC37401B0F3D1A009DA9EE /* ViewController.h */ = {isa = PBXFileReference; fileEncoding = 4; lastKnownFileType = sourcecode.c.h; name = ViewController.h; path = view/ViewController.h; sourceTree = "<group>"; };
		F8CC37411B0F3D1A009DA9EE /* ViewController.m */ = {isa = PBXFileReference; fileEncoding = 4; lastKnownFileType = sourcecode.c.objc; name = ViewController.m; path = view/ViewController.m; sourceTree = "<group>"; };
/* End PBXFileReference section */

/* Begin PBXFrameworksBuildPhase section */
		F89940521B0DE015005C2765 /* Frameworks */ = {
			isa = PBXFrameworksBuildPhase;
			buildActionMask = 2147483647;
			files = (
				AEB84334D2000FE99CC050C6 /* libPods.a in Frameworks */,
			);
			runOnlyForDeploymentPostprocessing = 0;
		};
		F899406B1B0DE015005C2765 /* Frameworks */ = {
			isa = PBXFrameworksBuildPhase;
			buildActionMask = 2147483647;
			files = (
			);
			runOnlyForDeploymentPostprocessing = 0;
		};
/* End PBXFrameworksBuildPhase section */

/* Begin PBXGroup section */
		7BB20864FB564DABA587BEF4 /* Pods */ = {
			isa = PBXGroup;
			children = (
				F34A822CEFD5087F203C0DFB /* Pods.debug.xcconfig */,
				D7B7A3324AB4AF4B638EAD80 /* Pods.release.xcconfig */,
			);
			name = Pods;
			sourceTree = "<group>";
		};
		7EAA004E3E40CE5410EFC3D1 /* Frameworks */ = {
			isa = PBXGroup;
			children = (
				ECC9ACFB01249F8227AB52D9 /* libPods.a */,
			);
			name = Frameworks;
			sourceTree = "<group>";
		};
		F899404C1B0DE015005C2765 = {
			isa = PBXGroup;
			children = (
				F89940571B0DE015005C2765 /* FFNetworking */,
				F89940711B0DE015005C2765 /* FFNetworkingTests */,
				F89940561B0DE015005C2765 /* Products */,
				7BB20864FB564DABA587BEF4 /* Pods */,
				7EAA004E3E40CE5410EFC3D1 /* Frameworks */,
			);
			sourceTree = "<group>";
		};
		F89940561B0DE015005C2765 /* Products */ = {
			isa = PBXGroup;
			children = (
				F89940551B0DE015005C2765 /* FFNetworking.app */,
				F899406E1B0DE015005C2765 /* FFNetworkingTests.xctest */,
			);
			name = Products;
			sourceTree = "<group>";
		};
		F89940571B0DE015005C2765 /* FFNetworking */ = {
			isa = PBXGroup;
			children = (
				F8CC373E1B0F3D1A009DA9EE /* AppDelegate.h */,
				F8CC373F1B0F3D1A009DA9EE /* AppDelegate.m */,
				F8CC37401B0F3D1A009DA9EE /* ViewController.h */,
				F8CC37411B0F3D1A009DA9EE /* ViewController.m */,
				F89940801B0DE21A005C2765 /* FFNetworking */,
				F89940621B0DE015005C2765 /* Main.storyboard */,
				F89940651B0DE015005C2765 /* Images.xcassets */,
				F89940671B0DE015005C2765 /* LaunchScreen.xib */,
				F89940581B0DE015005C2765 /* Supporting Files */,
			);
			path = FFNetworking;
			sourceTree = "<group>";
		};
		F89940581B0DE015005C2765 /* Supporting Files */ = {
			isa = PBXGroup;
			children = (
				F8CC373A1B0F3D07009DA9EE /* Info.plist */,
				F8CC373B1B0F3D07009DA9EE /* main.m */,
			);
			name = "Supporting Files";
			sourceTree = "<group>";
		};
		F89940711B0DE015005C2765 /* FFNetworkingTests */ = {
			isa = PBXGroup;
			children = (
				F89940741B0DE015005C2765 /* FFNetworkingTests.m */,
				F89940721B0DE015005C2765 /* Supporting Files */,
			);
			path = FFNetworkingTests;
			sourceTree = "<group>";
		};
		F89940721B0DE015005C2765 /* Supporting Files */ = {
			isa = PBXGroup;
			children = (
				F89940731B0DE015005C2765 /* Info.plist */,
			);
			name = "Supporting Files";
			sourceTree = "<group>";
		};
		F89940801B0DE21A005C2765 /* FFNetworking */ = {
			isa = PBXGroup;
			children = (
				F89940811B0DE21A005C2765 /* Assist */,
				F899408A1B0DE21A005C2765 /* Category */,
				F899409D1B0DE21A005C2765 /* Components */,
				F89940A01B0DE21A005C2765 /* Debug */,
				F89940A31B0DE21A005C2765 /* FFResponse */,
				F89940A61B0DE21A005C2765 /* FFSignatureGenerator */,
				F89940B01B0DE21A005C2765 /* FFApiManager.h */,
				F89940B11B0DE21A005C2765 /* FFApiManager.m */,
				F89940B21B0DE21A005C2765 /* XZNetService */,
				F89940C01B0DE21A005C2765 /* FFNetWorkingHeader.h */,
				F89940C11B0DE21A005C2765 /* FFRequestGenerator.h */,
				F89940C21B0DE21A005C2765 /* FFRequestGenerator.m */,
				F89940C31B0DE21A005C2765 /* FFRequestManager.h */,
				F89940C41B0DE21A005C2765 /* FFRequestManager.m */,
			);
			path = FFNetworking;
			sourceTree = "<group>";
		};
		F89940811B0DE21A005C2765 /* Assist */ = {
			isa = PBXGroup;
			children = (
				F89940821B0DE21A005C2765 /* FFDeviceInfo.h */,
				F89940831B0DE21A005C2765 /* FFDeviceInfo.m */,
				F89940841B0DE21A005C2765 /* FFKeychain.h */,
				F89940851B0DE21A005C2765 /* FFKeychain.m */,
				F89940861B0DE21A005C2765 /* FFNetCommonParamsGenerator.h */,
				F89940871B0DE21A005C2765 /* FFNetCommonParamsGenerator.m */,
				F89940881B0DE21A005C2765 /* FFUDIDGenerator.h */,
				F89940891B0DE21A005C2765 /* FFUDIDGenerator.m */,
			);
			path = Assist;
			sourceTree = "<group>";
		};
		F899408A1B0DE21A005C2765 /* Category */ = {
			isa = PBXGroup;
			children = (
				F899408B1B0DE21A005C2765 /* NSArray+FFNetMethod.h */,
				F899408C1B0DE21A005C2765 /* NSArray+FFNetMethod.m */,
				F899408D1B0DE21A005C2765 /* NSDictionary+FFNetMethod.h */,
				F899408E1B0DE21A005C2765 /* NSDictionary+FFNetMethod.m */,
				F899408F1B0DE21A005C2765 /* NSMutableString+FFNetMethod.h */,
				F89940901B0DE21A005C2765 /* NSMutableString+FFNetMethod.m */,
				F89940911B0DE21A005C2765 /* NSObject+FFNetMethod.h */,
				F89940921B0DE21A005C2765 /* NSObject+FFNetMethod.m */,
				F89940931B0DE21A005C2765 /* NSString+MD5Addition.h */,
				F89940941B0DE21A005C2765 /* NSString+MD5Addition.m */,
				F89940951B0DE21A005C2765 /* NSString+FFNetMethod.h */,
				F89940961B0DE21A005C2765 /* NSString+FFNetMethod.m */,
				F89940971B0DE21A005C2765 /* NSURLRequest+FFNetMethod.h */,
				F89940981B0DE21A005C2765 /* NSURLRequest+FFNetMethod.m */,
				F89940991B0DE21A005C2765 /* UIDevice+FFIdentifierAddition.h */,
				F899409A1B0DE21A005C2765 /* UIDevice+FFIdentifierAddition.m */,
				F899409B1B0DE21A005C2765 /* FFRequestResponse+FFNetMethod.h */,
				F899409C1B0DE21A005C2765 /* FFRequestResponse+FFNetMethod.m */,
			);
			path = Category;
			sourceTree = "<group>";
		};
		F899409D1B0DE21A005C2765 /* Components */ = {
			isa = PBXGroup;
			children = (
				F899409E1B0DE21A005C2765 /* FFAppContext.h */,
				F899409F1B0DE21A005C2765 /* FFAppContext.m */,
			);
			path = Components;
			sourceTree = "<group>";
		};
		F89940A01B0DE21A005C2765 /* Debug */ = {
			isa = PBXGroup;
			children = (
				F89940A11B0DE21A005C2765 /* FFNetDebug.h */,
				F89940A21B0DE21A005C2765 /* FFNetDebug.m */,
			);
			path = Debug;
			sourceTree = "<group>";
		};
		F89940A31B0DE21A005C2765 /* FFResponse */ = {
			isa = PBXGroup;
			children = (
				F89940A41B0DE21A005C2765 /* FFRequestResponse.h */,
				F89940A51B0DE21A005C2765 /* FFRequestResponse.m */,
			);
			path = FFResponse;
			sourceTree = "<group>";
		};
		F89940A61B0DE21A005C2765 /* FFSignatureGenerator */ = {
			isa = PBXGroup;
			children = (
				F89940A71B0DE21A005C2765 /* FFSignatureGenerator.h */,
				F89940A81B0DE21A005C2765 /* FFSignatureGenerator.m */,
			);
			path = FFSignatureGenerator;
			sourceTree = "<group>";
		};
		F89940B21B0DE21A005C2765 /* XZNetService */ = {
			isa = PBXGroup;
			children = (
				F89940B31B0DE21A005C2765 /* ServiceConfig */,
				F89940BC1B0DE21A005C2765 /* FFNetService.h */,
				F89940BD1B0DE21A005C2765 /* FFNetService.m */,
				F89940BE1B0DE21A005C2765 /* FFNetServiceFactory.h */,
				F89940BF1B0DE21A005C2765 /* FFNetServiceFactory.m */,
			);
			path = XZNetService;
			sourceTree = "<group>";
		};
		F89940B31B0DE21A005C2765 /* ServiceConfig */ = {
			isa = PBXGroup;
			children = (
				F8CC37051B0F2ED6009DA9EE /* FFHomeFreshFresh.h */,
				F8CC37061B0F2ED6009DA9EE /* FFHomeFreshFresh.m */,
			);
			path = ServiceConfig;
			sourceTree = "<group>";
		};
/* End PBXGroup section */

/* Begin PBXNativeTarget section */
		F89940541B0DE015005C2765 /* FFNetworking */ = {
			isa = PBXNativeTarget;
			buildConfigurationList = F89940781B0DE015005C2765 /* Build configuration list for PBXNativeTarget "FFNetworking" */;
			buildPhases = (
				C37CE01B21374DD1CA6E7B35 /* Check Pods Manifest.lock */,
				F89940511B0DE015005C2765 /* Sources */,
				F89940521B0DE015005C2765 /* Frameworks */,
				F89940531B0DE015005C2765 /* Resources */,
				E18D1EFDC5C20A867293C0AC /* Copy Pods Resources */,
			);
			buildRules = (
			);
			dependencies = (
			);
			name = FFNetworking;
			productName = FFNetworking;
			productReference = F89940551B0DE015005C2765 /* FFNetworking.app */;
			productType = "com.apple.product-type.application";
		};
		F899406D1B0DE015005C2765 /* FFNetworkingTests */ = {
			isa = PBXNativeTarget;
			buildConfigurationList = F899407B1B0DE015005C2765 /* Build configuration list for PBXNativeTarget "FFNetworkingTests" */;
			buildPhases = (
				F899406A1B0DE015005C2765 /* Sources */,
				F899406B1B0DE015005C2765 /* Frameworks */,
				F899406C1B0DE015005C2765 /* Resources */,
			);
			buildRules = (
			);
			dependencies = (
				F89940701B0DE015005C2765 /* PBXTargetDependency */,
			);
			name = FFNetworkingTests;
			productName = FFNetworkingTests;
			productReference = F899406E1B0DE015005C2765 /* FFNetworkingTests.xctest */;
			productType = "com.apple.product-type.bundle.unit-test";
		};
/* End PBXNativeTarget section */

/* Begin PBXProject section */
		F899404D1B0DE015005C2765 /* Project object */ = {
			isa = PBXProject;
			attributes = {
				LastUpgradeCheck = 0630;
				ORGANIZATIONNAME = freshfresh;
				TargetAttributes = {
					F89940541B0DE015005C2765 = {
						CreatedOnToolsVersion = 6.3.2;
					};
					F899406D1B0DE015005C2765 = {
						CreatedOnToolsVersion = 6.3.2;
						TestTargetID = F89940541B0DE015005C2765;
					};
				};
			};
			buildConfigurationList = F89940501B0DE015005C2765 /* Build configuration list for PBXProject "FFNetworking" */;
			compatibilityVersion = "Xcode 3.2";
			developmentRegion = English;
			hasScannedForEncodings = 0;
			knownRegions = (
				en,
				Base,
			);
			mainGroup = F899404C1B0DE015005C2765;
			productRefGroup = F89940561B0DE015005C2765 /* Products */;
			projectDirPath = "";
			projectRoot = "";
			targets = (
				F89940541B0DE015005C2765 /* FFNetworking */,
				F899406D1B0DE015005C2765 /* FFNetworkingTests */,
			);
		};
/* End PBXProject section */

/* Begin PBXResourcesBuildPhase section */
		F89940531B0DE015005C2765 /* Resources */ = {
			isa = PBXResourcesBuildPhase;
			buildActionMask = 2147483647;
			files = (
				F8CC373C1B0F3D07009DA9EE /* Info.plist in Resources */,
				F89940641B0DE015005C2765 /* Main.storyboard in Resources */,
				F89940691B0DE015005C2765 /* LaunchScreen.xib in Resources */,
				F89940661B0DE015005C2765 /* Images.xcassets in Resources */,
			);
			runOnlyForDeploymentPostprocessing = 0;
		};
		F899406C1B0DE015005C2765 /* Resources */ = {
			isa = PBXResourcesBuildPhase;
			buildActionMask = 2147483647;
			files = (
			);
			runOnlyForDeploymentPostprocessing = 0;
		};
/* End PBXResourcesBuildPhase section */

/* Begin PBXShellScriptBuildPhase section */
		C37CE01B21374DD1CA6E7B35 /* Check Pods Manifest.lock */ = {
			isa = PBXShellScriptBuildPhase;
			buildActionMask = 2147483647;
			files = (
			);
			inputPaths = (
			);
			name = "Check Pods Manifest.lock";
			outputPaths = (
			);
			runOnlyForDeploymentPostprocessing = 0;
			shellPath = /bin/sh;
			shellScript = "diff \"${PODS_ROOT}/../Podfile.lock\" \"${PODS_ROOT}/Manifest.lock\" > /dev/null\nif [[ $? != 0 ]] ; then\n    cat << EOM\nerror: The sandbox is not in sync with the Podfile.lock. Run 'pod install' or update your CocoaPods installation.\nEOM\n    exit 1\nfi\n";
			showEnvVarsInLog = 0;
		};
		E18D1EFDC5C20A867293C0AC /* Copy Pods Resources */ = {
			isa = PBXShellScriptBuildPhase;
			buildActionMask = 2147483647;
			files = (
			);
			inputPaths = (
			);
			name = "Copy Pods Resources";
			outputPaths = (
			);
			runOnlyForDeploymentPostprocessing = 0;
			shellPath = /bin/sh;
			shellScript = "\"${SRCROOT}/Pods/Target Support Files/Pods/Pods-resources.sh\"\n";
			showEnvVarsInLog = 0;
		};
/* End PBXShellScriptBuildPhase section */

/* Begin PBXSourcesBuildPhase section */
		F89940511B0DE015005C2765 /* Sources */ = {
			isa = PBXSourcesBuildPhase;
			buildActionMask = 2147483647;
			files = (
				F89940D91B0DE21A005C2765 /* FFApiManager.m in Sources */,
				F89940CC1B0DE21A005C2765 /* NSObject+FFNetMethod.m in Sources */,
				F89940E11B0DE21A005C2765 /* FFRequestManager.m in Sources */,
				F89940CB1B0DE21A005C2765 /* NSMutableString+FFNetMethod.m in Sources */,
				F89940D01B0DE21A005C2765 /* UIDevice+FFIdentifierAddition.m in Sources */,
				F89940D51B0DE21A005C2765 /* FFSignatureGenerator.m in Sources */,
				F8CC37431B0F3D1A009DA9EE /* ViewController.m in Sources */,
				F89940CE1B0DE21A005C2765 /* NSString+FFNetMethod.m in Sources */,
				F89940DF1B0DE21A005C2765 /* FFNetServiceFactory.m in Sources */,
				F89940D41B0DE21A005C2765 /* FFRequestResponse.m in Sources */,
				F89940C81B0DE21A005C2765 /* FFUDIDGenerator.m in Sources */,
				F89940C61B0DE21A005C2765 /* FFKeychain.m in Sources */,
				F89940CA1B0DE21A005C2765 /* NSDictionary+FFNetMethod.m in Sources */,
				F89940D11B0DE21A005C2765 /* FFRequestResponse+FFNetMethod.m in Sources */,
				F89940DE1B0DE21A005C2765 /* FFNetService.m in Sources */,
				F89940D31B0DE21A005C2765 /* FFNetDebug.m in Sources */,
				F89940D21B0DE21A005C2765 /* FFAppContext.m in Sources */,
				F89940CF1B0DE21A005C2765 /* NSURLRequest+FFNetMethod.m in Sources */,
				F89940C91B0DE21A005C2765 /* NSArray+FFNetMethod.m in Sources */,
				F89940C71B0DE21A005C2765 /* FFNetCommonParamsGenerator.m in Sources */,
				F8CC37421B0F3D1A009DA9EE /* AppDelegate.m in Sources */,
				F8CC37071B0F2ED6009DA9EE /* FFHomeFreshFresh.m in Sources */,
				F89940CD1B0DE21A005C2765 /* NSString+MD5Addition.m in Sources */,
				F89940E01B0DE21A005C2765 /* FFRequestGenerator.m in Sources */,
				F8CC373D1B0F3D07009DA9EE /* main.m in Sources */,
				F89940C51B0DE21A005C2765 /* FFDeviceInfo.m in Sources */,
			);
			runOnlyForDeploymentPostprocessing = 0;
		};
		F899406A1B0DE015005C2765 /* Sources */ = {
			isa = PBXSourcesBuildPhase;
			buildActionMask = 2147483647;
			files = (
				F89940751B0DE015005C2765 /* FFNetworkingTests.m in Sources */,
			);
			runOnlyForDeploymentPostprocessing = 0;
		};
/* End PBXSourcesBuildPhase section */

/* Begin PBXTargetDependency section */
		F89940701B0DE015005C2765 /* PBXTargetDependency */ = {
			isa = PBXTargetDependency;
			target = F89940541B0DE015005C2765 /* FFNetworking */;
			targetProxy = F899406F1B0DE015005C2765 /* PBXContainerItemProxy */;
		};
/* End PBXTargetDependency section */

/* Begin PBXVariantGroup section */
		F89940621B0DE015005C2765 /* Main.storyboard */ = {
			isa = PBXVariantGroup;
			children = (
				F89940631B0DE015005C2765 /* Base */,
			);
			name = Main.storyboard;
			sourceTree = "<group>";
		};
		F89940671B0DE015005C2765 /* LaunchScreen.xib */ = {
			isa = PBXVariantGroup;
			children = (
				F89940681B0DE015005C2765 /* Base */,
			);
			name = LaunchScreen.xib;
			sourceTree = "<group>";
		};
/* End PBXVariantGroup section */

/* Begin XCBuildConfiguration section */
		F89940761B0DE015005C2765 /* Debug */ = {
			isa = XCBuildConfiguration;
			buildSettings = {
				ALWAYS_SEARCH_USER_PATHS = NO;
				CLANG_CXX_LANGUAGE_STANDARD = "gnu++0x";
				CLANG_CXX_LIBRARY = "libc++";
				CLANG_ENABLE_MODULES = YES;
				CLANG_ENABLE_OBJC_ARC = YES;
				CLANG_WARN_BOOL_CONVERSION = YES;
				CLANG_WARN_CONSTANT_CONVERSION = YES;
				CLANG_WARN_DIRECT_OBJC_ISA_USAGE = YES_ERROR;
				CLANG_WARN_EMPTY_BODY = YES;
				CLANG_WARN_ENUM_CONVERSION = YES;
				CLANG_WARN_INT_CONVERSION = YES;
				CLANG_WARN_OBJC_ROOT_CLASS = YES_ERROR;
				CLANG_WARN_UNREACHABLE_CODE = YES;
				CLANG_WARN__DUPLICATE_METHOD_MATCH = YES;
				"CODE_SIGN_IDENTITY[sdk=iphoneos*]" = "iPhone Developer";
				COPY_PHASE_STRIP = NO;
				DEBUG_INFORMATION_FORMAT = "dwarf-with-dsym";
				ENABLE_STRICT_OBJC_MSGSEND = YES;
				GCC_C_LANGUAGE_STANDARD = gnu99;
				GCC_DYNAMIC_NO_PIC = NO;
				GCC_NO_COMMON_BLOCKS = YES;
				GCC_OPTIMIZATION_LEVEL = 0;
				GCC_PREPROCESSOR_DEFINITIONS = (
					"DEBUG=1",
					"$(inherited)",
				);
				GCC_SYMBOLS_PRIVATE_EXTERN = NO;
				GCC_WARN_64_TO_32_BIT_CONVERSION = YES;
				GCC_WARN_ABOUT_RETURN_TYPE = YES_ERROR;
				GCC_WARN_UNDECLARED_SELECTOR = YES;
				GCC_WARN_UNINITIALIZED_AUTOS = YES_AGGRESSIVE;
				GCC_WARN_UNUSED_FUNCTION = YES;
				GCC_WARN_UNUSED_VARIABLE = YES;
				IPHONEOS_DEPLOYMENT_TARGET = 8.3;
				MTL_ENABLE_DEBUG_INFO = YES;
				ONLY_ACTIVE_ARCH = YES;
				SDKROOT = iphoneos;
				TARGETED_DEVICE_FAMILY = "1,2";
			};
			name = Debug;
		};
		F89940771B0DE015005C2765 /* Release */ = {
			isa = XCBuildConfiguration;
			buildSettings = {
				ALWAYS_SEARCH_USER_PATHS = NO;
				CLANG_CXX_LANGUAGE_STANDARD = "gnu++0x";
				CLANG_CXX_LIBRARY = "libc++";
				CLANG_ENABLE_MODULES = YES;
				CLANG_ENABLE_OBJC_ARC = YES;
				CLANG_WARN_BOOL_CONVERSION = YES;
				CLANG_WARN_CONSTANT_CONVERSION = YES;
				CLANG_WARN_DIRECT_OBJC_ISA_USAGE = YES_ERROR;
				CLANG_WARN_EMPTY_BODY = YES;
				CLANG_WARN_ENUM_CONVERSION = YES;
				CLANG_WARN_INT_CONVERSION = YES;
				CLANG_WARN_OBJC_ROOT_CLASS = YES_ERROR;
				CLANG_WARN_UNREACHABLE_CODE = YES;
				CLANG_WARN__DUPLICATE_METHOD_MATCH = YES;
				"CODE_SIGN_IDENTITY[sdk=iphoneos*]" = "iPhone Developer";
				COPY_PHASE_STRIP = NO;
				DEBUG_INFORMATION_FORMAT = "dwarf-with-dsym";
				ENABLE_NS_ASSERTIONS = NO;
				ENABLE_STRICT_OBJC_MSGSEND = YES;
				GCC_C_LANGUAGE_STANDARD = gnu99;
				GCC_NO_COMMON_BLOCKS = YES;
				GCC_WARN_64_TO_32_BIT_CONVERSION = YES;
				GCC_WARN_ABOUT_RETURN_TYPE = YES_ERROR;
				GCC_WARN_UNDECLARED_SELECTOR = YES;
				GCC_WARN_UNINITIALIZED_AUTOS = YES_AGGRESSIVE;
				GCC_WARN_UNUSED_FUNCTION = YES;
				GCC_WARN_UNUSED_VARIABLE = YES;
				IPHONEOS_DEPLOYMENT_TARGET = 8.3;
				MTL_ENABLE_DEBUG_INFO = NO;
				SDKROOT = iphoneos;
				TARGETED_DEVICE_FAMILY = "1,2";
				VALIDATE_PRODUCT = YES;
			};
			name = Release;
		};
		F89940791B0DE015005C2765 /* Debug */ = {
			isa = XCBuildConfiguration;
			baseConfigurationReference = F34A822CEFD5087F203C0DFB /* Pods.debug.xcconfig */;
			buildSettings = {
				ASSETCATALOG_COMPILER_APPICON_NAME = AppIcon;
				INFOPLIST_FILE = FFNetworking/Info.plist;
				LD_RUNPATH_SEARCH_PATHS = "$(inherited) @executable_path/Frameworks";
				PRODUCT_NAME = "$(TARGET_NAME)";
			};
			name = Debug;
		};
		F899407A1B0DE015005C2765 /* Release */ = {
			isa = XCBuildConfiguration;
			baseConfigurationReference = D7B7A3324AB4AF4B638EAD80 /* Pods.release.xcconfig */;
			buildSettings = {
				ASSETCATALOG_COMPILER_APPICON_NAME = AppIcon;
				INFOPLIST_FILE = FFNetworking/Info.plist;
				LD_RUNPATH_SEARCH_PATHS = "$(inherited) @executable_path/Frameworks";
				PRODUCT_NAME = "$(TARGET_NAME)";
			};
			name = Release;
		};
		F899407C1B0DE015005C2765 /* Debug */ = {
			isa = XCBuildConfiguration;
			buildSettings = {
				BUNDLE_LOADER = "$(TEST_HOST)";
				FRAMEWORK_SEARCH_PATHS = (
					"$(SDKROOT)/Developer/Library/Frameworks",
					"$(inherited)",
				);
				GCC_PREPROCESSOR_DEFINITIONS = (
					"DEBUG=1",
					"$(inherited)",
				);
				INFOPLIST_FILE = FFNetworkingTests/Info.plist;
				LD_RUNPATH_SEARCH_PATHS = "$(inherited) @executable_path/Frameworks @loader_path/Frameworks";
				PRODUCT_NAME = "$(TARGET_NAME)";
				TEST_HOST = "$(BUILT_PRODUCTS_DIR)/FFNetworking.app/FFNetworking";
			};
			name = Debug;
		};
		F899407D1B0DE015005C2765 /* Release */ = {
			isa = XCBuildConfiguration;
			buildSettings = {
				BUNDLE_LOADER = "$(TEST_HOST)";
				FRAMEWORK_SEARCH_PATHS = (
					"$(SDKROOT)/Developer/Library/Frameworks",
					"$(inherited)",
				);
				INFOPLIST_FILE = FFNetworkingTests/Info.plist;
				LD_RUNPATH_SEARCH_PATHS = "$(inherited) @executable_path/Frameworks @loader_path/Frameworks";
				PRODUCT_NAME = "$(TARGET_NAME)";
				TEST_HOST = "$(BUILT_PRODUCTS_DIR)/FFNetworking.app/FFNetworking";
			};
			name = Release;
		};
/* End XCBuildConfiguration section */

/* Begin XCConfigurationList section */
		F89940501B0DE015005C2765 /* Build configuration list for PBXProject "FFNetworking" */ = {
			isa = XCConfigurationList;
			buildConfigurations = (
				F89940761B0DE015005C2765 /* Debug */,
				F89940771B0DE015005C2765 /* Release */,
			);
			defaultConfigurationIsVisible = 0;
			defaultConfigurationName = Release;
		};
		F89940781B0DE015005C2765 /* Build configuration list for PBXNativeTarget "FFNetworking" */ = {
			isa = XCConfigurationList;
			buildConfigurations = (
				F89940791B0DE015005C2765 /* Debug */,
				F899407A1B0DE015005C2765 /* Release */,
			);
			defaultConfigurationIsVisible = 0;
			defaultConfigurationName = Release;
		};
		F899407B1B0DE015005C2765 /* Build configuration list for PBXNativeTarget "FFNetworkingTests" */ = {
			isa = XCConfigurationList;
			buildConfigurations = (
				F899407C1B0DE015005C2765 /* Debug */,
				F899407D1B0DE015005C2765 /* Release */,
			);
			defaultConfigurationIsVisible = 0;
			defaultConfigurationName = Release;
		};
/* End XCConfigurationList section */
	};
	rootObject = F899404D1B0DE015005C2765 /* Project object */;
}
